// !$*UTF8*$!
{
	archiveVersion = 1;
	classes = {
	};
	objectVersion = 56;
	objects = {

/* Begin PBXBuildFile section */
		121E5F402B127EB1002B53E8 /* AppDelegate.swift in Sources */ = {isa = PBXBuildFile; fileRef = 121E5F3F2B127EB1002B53E8 /* AppDelegate.swift */; };
		121E5F422B127EB1002B53E8 /* SceneDelegate.swift in Sources */ = {isa = PBXBuildFile; fileRef = 121E5F412B127EB1002B53E8 /* SceneDelegate.swift */; };
		121E5F442B127EB1002B53E8 /* ViewController.swift in Sources */ = {isa = PBXBuildFile; fileRef = 121E5F432B127EB1002B53E8 /* ViewController.swift */; };
		121E5F472B127EB1002B53E8 /* Main.storyboard in Resources */ = {isa = PBXBuildFile; fileRef = 121E5F452B127EB1002B53E8 /* Main.storyboard */; };
		121E5F492B127EB2002B53E8 /* Assets.xcassets in Resources */ = {isa = PBXBuildFile; fileRef = 121E5F482B127EB2002B53E8 /* Assets.xcassets */; };
		121E5F4C2B127EB2002B53E8 /* LaunchScreen.storyboard in Resources */ = {isa = PBXBuildFile; fileRef = 121E5F4A2B127EB2002B53E8 /* LaunchScreen.storyboard */; };
		121E5F572B127EB3002B53E8 /* SocialMediaAppTests.swift in Sources */ = {isa = PBXBuildFile; fileRef = 121E5F562B127EB3002B53E8 /* SocialMediaAppTests.swift */; };
		121E5F612B127EB3002B53E8 /* SocialMediaAppUITests.swift in Sources */ = {isa = PBXBuildFile; fileRef = 121E5F602B127EB3002B53E8 /* SocialMediaAppUITests.swift */; };
		121E5F632B127EB3002B53E8 /* SocialMediaAppUITestsLaunchTests.swift in Sources */ = {isa = PBXBuildFile; fileRef = 121E5F622B127EB3002B53E8 /* SocialMediaAppUITestsLaunchTests.swift */; };
		121E5F7E2B127F4B002B53E8 /* SDWebImage in Frameworks */ = {isa = PBXBuildFile; productRef = 121E5F7D2B127F4B002B53E8 /* SDWebImage */; };
		121E5F802B12809B002B53E8 /* BaseView.swift in Sources */ = {isa = PBXBuildFile; fileRef = 121E5F7F2B12809B002B53E8 /* BaseView.swift */; };
		121E5F822B128142002B53E8 /* ProfileViewController.swift in Sources */ = {isa = PBXBuildFile; fileRef = 121E5F812B128142002B53E8 /* ProfileViewController.swift */; };
		121E5F8F2B17210D002B53E8 /* FacebookCore in Frameworks */ = {isa = PBXBuildFile; productRef = 121E5F8E2B17210D002B53E8 /* FacebookCore */; };
		121E5F912B17210D002B53E8 /* FacebookLogin in Frameworks */ = {isa = PBXBuildFile; productRef = 121E5F902B17210D002B53E8 /* FacebookLogin */; };
		121E5F932B17210D002B53E8 /* FacebookShare in Frameworks */ = {isa = PBXBuildFile; productRef = 121E5F922B17210D002B53E8 /* FacebookShare */; };
/* End PBXBuildFile section */

/* Begin PBXContainerItemProxy section */
		121E5F532B127EB3002B53E8 /* PBXContainerItemProxy */ = {
			isa = PBXContainerItemProxy;
			containerPortal = 121E5F342B127EB1002B53E8 /* Project object */;
			proxyType = 1;
			remoteGlobalIDString = 121E5F3B2B127EB1002B53E8;
			remoteInfo = SocialMediaApp;
		};
		121E5F5D2B127EB3002B53E8 /* PBXContainerItemProxy */ = {
			isa = PBXContainerItemProxy;
			containerPortal = 121E5F342B127EB1002B53E8 /* Project object */;
			proxyType = 1;
			remoteGlobalIDString = 121E5F3B2B127EB1002B53E8;
			remoteInfo = SocialMediaApp;
		};
/* End PBXContainerItemProxy section */

/* Begin PBXFileReference section */
		121E5F3C2B127EB1002B53E8 /* SocialMediaApp.app */ = {isa = PBXFileReference; explicitFileType = wrapper.application; includeInIndex = 0; path = SocialMediaApp.app; sourceTree = BUILT_PRODUCTS_DIR; };
		121E5F3F2B127EB1002B53E8 /* AppDelegate.swift */ = {isa = PBXFileReference; lastKnownFileType = sourcecode.swift; path = AppDelegate.swift; sourceTree = "<group>"; };
		121E5F412B127EB1002B53E8 /* SceneDelegate.swift */ = {isa = PBXFileReference; lastKnownFileType = sourcecode.swift; path = SceneDelegate.swift; sourceTree = "<group>"; };
		121E5F432B127EB1002B53E8 /* ViewController.swift */ = {isa = PBXFileReference; lastKnownFileType = sourcecode.swift; path = ViewController.swift; sourceTree = "<group>"; };
		121E5F462B127EB1002B53E8 /* Base */ = {isa = PBXFileReference; lastKnownFileType = file.storyboard; name = Base; path = Base.lproj/Main.storyboard; sourceTree = "<group>"; };
		121E5F482B127EB2002B53E8 /* Assets.xcassets */ = {isa = PBXFileReference; lastKnownFileType = folder.assetcatalog; path = Assets.xcassets; sourceTree = "<group>"; };
		121E5F4B2B127EB2002B53E8 /* Base */ = {isa = PBXFileReference; lastKnownFileType = file.storyboard; name = Base; path = Base.lproj/LaunchScreen.storyboard; sourceTree = "<group>"; };
		121E5F4D2B127EB2002B53E8 /* Info.plist */ = {isa = PBXFileReference; lastKnownFileType = text.plist.xml; path = Info.plist; sourceTree = "<group>"; };
		121E5F522B127EB3002B53E8 /* SocialMediaAppTests.xctest */ = {isa = PBXFileReference; explicitFileType = wrapper.cfbundle; includeInIndex = 0; path = SocialMediaAppTests.xctest; sourceTree = BUILT_PRODUCTS_DIR; };
		121E5F562B127EB3002B53E8 /* SocialMediaAppTests.swift */ = {isa = PBXFileReference; lastKnownFileType = sourcecode.swift; path = SocialMediaAppTests.swift; sourceTree = "<group>"; };
		121E5F5C2B127EB3002B53E8 /* SocialMediaAppUITests.xctest */ = {isa = PBXFileReference; explicitFileType = wrapper.cfbundle; includeInIndex = 0; path = SocialMediaAppUITests.xctest; sourceTree = BUILT_PRODUCTS_DIR; };
		121E5F602B127EB3002B53E8 /* SocialMediaAppUITests.swift */ = {isa = PBXFileReference; lastKnownFileType = sourcecode.swift; path = SocialMediaAppUITests.swift; sourceTree = "<group>"; };
		121E5F622B127EB3002B53E8 /* SocialMediaAppUITestsLaunchTests.swift */ = {isa = PBXFileReference; lastKnownFileType = sourcecode.swift; path = SocialMediaAppUITestsLaunchTests.swift; sourceTree = "<group>"; };
		121E5F7F2B12809B002B53E8 /* BaseView.swift */ = {isa = PBXFileReference; lastKnownFileType = sourcecode.swift; path = BaseView.swift; sourceTree = "<group>"; };
		121E5F812B128142002B53E8 /* ProfileViewController.swift */ = {isa = PBXFileReference; lastKnownFileType = sourcecode.swift; path = ProfileViewController.swift; sourceTree = "<group>"; };
		12D42A9B2B1D8CAC001D7D92 /* SocialMediaApp.entitlements */ = {isa = PBXFileReference; lastKnownFileType = text.plist.entitlements; path = SocialMediaApp.entitlements; sourceTree = "<group>"; };
/* End PBXFileReference section */

/* Begin PBXFrameworksBuildPhase section */
		121E5F392B127EB1002B53E8 /* Frameworks */ = {
			isa = PBXFrameworksBuildPhase;
			buildActionMask = 2147483647;
			files = (
				121E5F7E2B127F4B002B53E8 /* SDWebImage in Frameworks */,
				121E5F8F2B17210D002B53E8 /* FacebookCore in Frameworks */,
				121E5F932B17210D002B53E8 /* FacebookShare in Frameworks */,
				121E5F912B17210D002B53E8 /* FacebookLogin in Frameworks */,
			);
			runOnlyForDeploymentPostprocessing = 0;
		};
		121E5F4F2B127EB3002B53E8 /* Frameworks */ = {
			isa = PBXFrameworksBuildPhase;
			buildActionMask = 2147483647;
			files = (
			);
			runOnlyForDeploymentPostprocessing = 0;
		};
		121E5F592B127EB3002B53E8 /* Frameworks */ = {
			isa = PBXFrameworksBuildPhase;
			buildActionMask = 2147483647;
			files = (
			);
			runOnlyForDeploymentPostprocessing = 0;
		};
/* End PBXFrameworksBuildPhase section */

/* Begin PBXGroup section */
		121E5F332B127EB1002B53E8 = {
			isa = PBXGroup;
			children = (
				121E5F3E2B127EB1002B53E8 /* SocialMediaApp */,
				121E5F552B127EB3002B53E8 /* SocialMediaAppTests */,
				121E5F5F2B127EB3002B53E8 /* SocialMediaAppUITests */,
				121E5F3D2B127EB1002B53E8 /* Products */,
			);
			sourceTree = "<group>";
		};
		121E5F3D2B127EB1002B53E8 /* Products */ = {
			isa = PBXGroup;
			children = (
				121E5F3C2B127EB1002B53E8 /* SocialMediaApp.app */,
				121E5F522B127EB3002B53E8 /* SocialMediaAppTests.xctest */,
				121E5F5C2B127EB3002B53E8 /* SocialMediaAppUITests.xctest */,
			);
			name = Products;
			sourceTree = "<group>";
		};
		121E5F3E2B127EB1002B53E8 /* SocialMediaApp */ = {
			isa = PBXGroup;
			children = (
				12D42A9B2B1D8CAC001D7D92 /* SocialMediaApp.entitlements */,
				121E5F3F2B127EB1002B53E8 /* AppDelegate.swift */,
				121E5F412B127EB1002B53E8 /* SceneDelegate.swift */,
				121E5F432B127EB1002B53E8 /* ViewController.swift */,
				121E5F812B128142002B53E8 /* ProfileViewController.swift */,
				121E5F7F2B12809B002B53E8 /* BaseView.swift */,
				121E5F452B127EB1002B53E8 /* Main.storyboard */,
				121E5F482B127EB2002B53E8 /* Assets.xcassets */,
				121E5F4A2B127EB2002B53E8 /* LaunchScreen.storyboard */,
				121E5F4D2B127EB2002B53E8 /* Info.plist */,
			);
			path = SocialMediaApp;
			sourceTree = "<group>";
		};
		121E5F552B127EB3002B53E8 /* SocialMediaAppTests */ = {
			isa = PBXGroup;
			children = (
				121E5F562B127EB3002B53E8 /* SocialMediaAppTests.swift */,
			);
			path = SocialMediaAppTests;
			sourceTree = "<group>";
		};
		121E5F5F2B127EB3002B53E8 /* SocialMediaAppUITests */ = {
			isa = PBXGroup;
			children = (
				121E5F602B127EB3002B53E8 /* SocialMediaAppUITests.swift */,
				121E5F622B127EB3002B53E8 /* SocialMediaAppUITestsLaunchTests.swift */,
			);
			path = SocialMediaAppUITests;
			sourceTree = "<group>";
		};
/* End PBXGroup section */

/* Begin PBXNativeTarget section */
		121E5F3B2B127EB1002B53E8 /* SocialMediaApp */ = {
			isa = PBXNativeTarget;
			buildConfigurationList = 121E5F662B127EB3002B53E8 /* Build configuration list for PBXNativeTarget "SocialMediaApp" */;
			buildPhases = (
				121E5F382B127EB1002B53E8 /* Sources */,
				121E5F392B127EB1002B53E8 /* Frameworks */,
				121E5F3A2B127EB1002B53E8 /* Resources */,
			);
			buildRules = (
			);
			dependencies = (
			);
			name = SocialMediaApp;
			packageProductDependencies = (
				121E5F7D2B127F4B002B53E8 /* SDWebImage */,
				121E5F8E2B17210D002B53E8 /* FacebookCore */,
				121E5F902B17210D002B53E8 /* FacebookLogin */,
				121E5F922B17210D002B53E8 /* FacebookShare */,
			);
			productName = SocialMediaApp;
			productReference = 121E5F3C2B127EB1002B53E8 /* SocialMediaApp.app */;
			productType = "com.apple.product-type.application";
		};
		121E5F512B127EB3002B53E8 /* SocialMediaAppTests */ = {
			isa = PBXNativeTarget;
			buildConfigurationList = 121E5F692B127EB3002B53E8 /* Build configuration list for PBXNativeTarget "SocialMediaAppTests" */;
			buildPhases = (
				121E5F4E2B127EB3002B53E8 /* Sources */,
				121E5F4F2B127EB3002B53E8 /* Frameworks */,
				121E5F502B127EB3002B53E8 /* Resources */,
			);
			buildRules = (
			);
			dependencies = (
				121E5F542B127EB3002B53E8 /* PBXTargetDependency */,
			);
			name = SocialMediaAppTests;
			productName = SocialMediaAppTests;
			productReference = 121E5F522B127EB3002B53E8 /* SocialMediaAppTests.xctest */;
			productType = "com.apple.product-type.bundle.unit-test";
		};
		121E5F5B2B127EB3002B53E8 /* SocialMediaAppUITests */ = {
			isa = PBXNativeTarget;
			buildConfigurationList = 121E5F6C2B127EB3002B53E8 /* Build configuration list for PBXNativeTarget "SocialMediaAppUITests" */;
			buildPhases = (
				121E5F582B127EB3002B53E8 /* Sources */,
				121E5F592B127EB3002B53E8 /* Frameworks */,
				121E5F5A2B127EB3002B53E8 /* Resources */,
			);
			buildRules = (
			);
			dependencies = (
				121E5F5E2B127EB3002B53E8 /* PBXTargetDependency */,
			);
			name = SocialMediaAppUITests;
			productName = SocialMediaAppUITests;
			productReference = 121E5F5C2B127EB3002B53E8 /* SocialMediaAppUITests.xctest */;
			productType = "com.apple.product-type.bundle.ui-testing";
		};
/* End PBXNativeTarget section */

/* Begin PBXProject section */
		121E5F342B127EB1002B53E8 /* Project object */ = {
			isa = PBXProject;
			attributes = {
				BuildIndependentTargetsInParallel = 1;
				LastSwiftUpdateCheck = 1500;
				LastUpgradeCheck = 1500;
				TargetAttributes = {
					121E5F3B2B127EB1002B53E8 = {
						CreatedOnToolsVersion = 15.0;
					};
					121E5F512B127EB3002B53E8 = {
						CreatedOnToolsVersion = 15.0;
						TestTargetID = 121E5F3B2B127EB1002B53E8;
					};
					121E5F5B2B127EB3002B53E8 = {
						CreatedOnToolsVersion = 15.0;
						TestTargetID = 121E5F3B2B127EB1002B53E8;
					};
				};
			};
			buildConfigurationList = 121E5F372B127EB1002B53E8 /* Build configuration list for PBXProject "SocialMediaApp" */;
			compatibilityVersion = "Xcode 14.0";
			developmentRegion = en;
			hasScannedForEncodings = 0;
			knownRegions = (
				en,
				Base,
			);
			mainGroup = 121E5F332B127EB1002B53E8;
			packageReferences = (
				121E5F7C2B127F4B002B53E8 /* XCRemoteSwiftPackageReference "SDWebImage" */,
				121E5F8D2B17210D002B53E8 /* XCRemoteSwiftPackageReference "facebook-ios-sdk" */,
			);
			productRefGroup = 121E5F3D2B127EB1002B53E8 /* Products */;
			projectDirPath = "";
			projectRoot = "";
			targets = (
				121E5F3B2B127EB1002B53E8 /* SocialMediaApp */,
				121E5F512B127EB3002B53E8 /* SocialMediaAppTests */,
				121E5F5B2B127EB3002B53E8 /* SocialMediaAppUITests */,
			);
		};
/* End PBXProject section */

/* Begin PBXResourcesBuildPhase section */
		121E5F3A2B127EB1002B53E8 /* Resources */ = {
			isa = PBXResourcesBuildPhase;
			buildActionMask = 2147483647;
			files = (
				121E5F4C2B127EB2002B53E8 /* LaunchScreen.storyboard in Resources */,
				121E5F492B127EB2002B53E8 /* Assets.xcassets in Resources */,
				121E5F472B127EB1002B53E8 /* Main.storyboard in Resources */,
			);
			runOnlyForDeploymentPostprocessing = 0;
		};
		121E5F502B127EB3002B53E8 /* Resources */ = {
			isa = PBXResourcesBuildPhase;
			buildActionMask = 2147483647;
			files = (
			);
			runOnlyForDeploymentPostprocessing = 0;
		};
		121E5F5A2B127EB3002B53E8 /* Resources */ = {
			isa = PBXResourcesBuildPhase;
			buildActionMask = 2147483647;
			files = (
			);
			runOnlyForDeploymentPostprocessing = 0;
		};
/* End PBXResourcesBuildPhase section */

/* Begin PBXSourcesBuildPhase section */
		121E5F382B127EB1002B53E8 /* Sources */ = {
			isa = PBXSourcesBuildPhase;
			buildActionMask = 2147483647;
			files = (
				121E5F442B127EB1002B53E8 /* ViewController.swift in Sources */,
				121E5F402B127EB1002B53E8 /* AppDelegate.swift in Sources */,
				121E5F822B128142002B53E8 /* ProfileViewController.swift in Sources */,
				121E5F422B127EB1002B53E8 /* SceneDelegate.swift in Sources */,
				121E5F802B12809B002B53E8 /* BaseView.swift in Sources */,
			);
			runOnlyForDeploymentPostprocessing = 0;
		};
		121E5F4E2B127EB3002B53E8 /* Sources */ = {
			isa = PBXSourcesBuildPhase;
			buildActionMask = 2147483647;
			files = (
				121E5F572B127EB3002B53E8 /* SocialMediaAppTests.swift in Sources */,
			);
			runOnlyForDeploymentPostprocessing = 0;
		};
		121E5F582B127EB3002B53E8 /* Sources */ = {
			isa = PBXSourcesBuildPhase;
			buildActionMask = 2147483647;
			files = (
				121E5F632B127EB3002B53E8 /* SocialMediaAppUITestsLaunchTests.swift in Sources */,
				121E5F612B127EB3002B53E8 /* SocialMediaAppUITests.swift in Sources */,
			);
			runOnlyForDeploymentPostprocessing = 0;
		};
/* End PBXSourcesBuildPhase section */

/* Begin PBXTargetDependency section */
		121E5F542B127EB3002B53E8 /* PBXTargetDependency */ = {
			isa = PBXTargetDependency;
			target = 121E5F3B2B127EB1002B53E8 /* SocialMediaApp */;
			targetProxy = 121E5F532B127EB3002B53E8 /* PBXContainerItemProxy */;
		};
		121E5F5E2B127EB3002B53E8 /* PBXTargetDependency */ = {
			isa = PBXTargetDependency;
			target = 121E5F3B2B127EB1002B53E8 /* SocialMediaApp */;
			targetProxy = 121E5F5D2B127EB3002B53E8 /* PBXContainerItemProxy */;
		};
/* End PBXTargetDependency section */

/* Begin PBXVariantGroup section */
		121E5F452B127EB1002B53E8 /* Main.storyboard */ = {
			isa = PBXVariantGroup;
			children = (
				121E5F462B127EB1002B53E8 /* Base */,
			);
			name = Main.storyboard;
			sourceTree = "<group>";
		};
		121E5F4A2B127EB2002B53E8 /* LaunchScreen.storyboard */ = {
			isa = PBXVariantGroup;
			children = (
				121E5F4B2B127EB2002B53E8 /* Base */,
			);
			name = LaunchScreen.storyboard;
			sourceTree = "<group>";
		};
/* End PBXVariantGroup section */

/* Begin XCBuildConfiguration section */
		121E5F642B127EB3002B53E8 /* Debug */ = {
			isa = XCBuildConfiguration;
			buildSettings = {
				ALWAYS_SEARCH_USER_PATHS = NO;
				ASSETCATALOG_COMPILER_GENERATE_SWIFT_ASSET_SYMBOL_EXTENSIONS = YES;
				CLANG_ANALYZER_NONNULL = YES;
				CLANG_ANALYZER_NUMBER_OBJECT_CONVERSION = YES_AGGRESSIVE;
				CLANG_CXX_LANGUAGE_STANDARD = "gnu++20";
				CLANG_ENABLE_MODULES = YES;
				CLANG_ENABLE_OBJC_ARC = YES;
				CLANG_ENABLE_OBJC_WEAK = YES;
				CLANG_WARN_BLOCK_CAPTURE_AUTORELEASING = YES;
				CLANG_WARN_BOOL_CONVERSION = YES;
				CLANG_WARN_COMMA = YES;
				CLANG_WARN_CONSTANT_CONVERSION = YES;
				CLANG_WARN_DEPRECATED_OBJC_IMPLEMENTATIONS = YES;
				CLANG_WARN_DIRECT_OBJC_ISA_USAGE = YES_ERROR;
				CLANG_WARN_DOCUMENTATION_COMMENTS = YES;
				CLANG_WARN_EMPTY_BODY = YES;
				CLANG_WARN_ENUM_CONVERSION = YES;
				CLANG_WARN_INFINITE_RECURSION = YES;
				CLANG_WARN_INT_CONVERSION = YES;
				CLANG_WARN_NON_LITERAL_NULL_CONVERSION = YES;
				CLANG_WARN_OBJC_IMPLICIT_RETAIN_SELF = YES;
				CLANG_WARN_OBJC_LITERAL_CONVERSION = YES;
				CLANG_WARN_OBJC_ROOT_CLASS = YES_ERROR;
				CLANG_WARN_QUOTED_INCLUDE_IN_FRAMEWORK_HEADER = YES;
				CLANG_WARN_RANGE_LOOP_ANALYSIS = YES;
				CLANG_WARN_STRICT_PROTOTYPES = YES;
				CLANG_WARN_SUSPICIOUS_MOVE = YES;
				CLANG_WARN_UNGUARDED_AVAILABILITY = YES_AGGRESSIVE;
				CLANG_WARN_UNREACHABLE_CODE = YES;
				CLANG_WARN__DUPLICATE_METHOD_MATCH = YES;
				COPY_PHASE_STRIP = NO;
				DEBUG_INFORMATION_FORMAT = dwarf;
				ENABLE_STRICT_OBJC_MSGSEND = YES;
				ENABLE_TESTABILITY = YES;
				ENABLE_USER_SCRIPT_SANDBOXING = YES;
				GCC_C_LANGUAGE_STANDARD = gnu17;
				GCC_DYNAMIC_NO_PIC = NO;
				GCC_NO_COMMON_BLOCKS = YES;
				GCC_OPTIMIZATION_LEVEL = 0;
				GCC_PREPROCESSOR_DEFINITIONS = (
					"DEBUG=1",
					"$(inherited)",
				);
				GCC_WARN_64_TO_32_BIT_CONVERSION = YES;
				GCC_WARN_ABOUT_RETURN_TYPE = YES_ERROR;
				GCC_WARN_UNDECLARED_SELECTOR = YES;
				GCC_WARN_UNINITIALIZED_AUTOS = YES_AGGRESSIVE;
				GCC_WARN_UNUSED_FUNCTION = YES;
				GCC_WARN_UNUSED_VARIABLE = YES;
				IPHONEOS_DEPLOYMENT_TARGET = 17.0;
				LOCALIZATION_PREFERS_STRING_CATALOGS = YES;
				MTL_ENABLE_DEBUG_INFO = INCLUDE_SOURCE;
				MTL_FAST_MATH = YES;
				ONLY_ACTIVE_ARCH = YES;
				SDKROOT = iphoneos;
				SWIFT_ACTIVE_COMPILATION_CONDITIONS = "DEBUG $(inherited)";
				SWIFT_OPTIMIZATION_LEVEL = "-Onone";
			};
			name = Debug;
		};
		121E5F652B127EB3002B53E8 /* Release */ = {
			isa = XCBuildConfiguration;
			buildSettings = {
				ALWAYS_SEARCH_USER_PATHS = NO;
				ASSETCATALOG_COMPILER_GENERATE_SWIFT_ASSET_SYMBOL_EXTENSIONS = YES;
				CLANG_ANALYZER_NONNULL = YES;
				CLANG_ANALYZER_NUMBER_OBJECT_CONVERSION = YES_AGGRESSIVE;
				CLANG_CXX_LANGUAGE_STANDARD = "gnu++20";
				CLANG_ENABLE_MODULES = YES;
				CLANG_ENABLE_OBJC_ARC = YES;
				CLANG_ENABLE_OBJC_WEAK = YES;
				CLANG_WARN_BLOCK_CAPTURE_AUTORELEASING = YES;
				CLANG_WARN_BOOL_CONVERSION = YES;
				CLANG_WARN_COMMA = YES;
				CLANG_WARN_CONSTANT_CONVERSION = YES;
				CLANG_WARN_DEPRECATED_OBJC_IMPLEMENTATIONS = YES;
				CLANG_WARN_DIRECT_OBJC_ISA_USAGE = YES_ERROR;
				CLANG_WARN_DOCUMENTATION_COMMENTS = YES;
				CLANG_WARN_EMPTY_BODY = YES;
				CLANG_WARN_ENUM_CONVERSION = YES;
				CLANG_WARN_INFINITE_RECURSION = YES;
				CLANG_WARN_INT_CONVERSION = YES;
				CLANG_WARN_NON_LITERAL_NULL_CONVERSION = YES;
				CLANG_WARN_OBJC_IMPLICIT_RETAIN_SELF = YES;
				CLANG_WARN_OBJC_LITERAL_CONVERSION = YES;
				CLANG_WARN_OBJC_ROOT_CLASS = YES_ERROR;
				CLANG_WARN_QUOTED_INCLUDE_IN_FRAMEWORK_HEADER = YES;
				CLANG_WARN_RANGE_LOOP_ANALYSIS = YES;
				CLANG_WARN_STRICT_PROTOTYPES = YES;
				CLANG_WARN_SUSPICIOUS_MOVE = YES;
				CLANG_WARN_UNGUARDED_AVAILABILITY = YES_AGGRESSIVE;
				CLANG_WARN_UNREACHABLE_CODE = YES;
				CLANG_WARN__DUPLICATE_METHOD_MATCH = YES;
				COPY_PHASE_STRIP = NO;
				DEBUG_INFORMATION_FORMAT = "dwarf-with-dsym";
				ENABLE_NS_ASSERTIONS = NO;
				ENABLE_STRICT_OBJC_MSGSEND = YES;
				ENABLE_USER_SCRIPT_SANDBOXING = YES;
				GCC_C_LANGUAGE_STANDARD = gnu17;
				GCC_NO_COMMON_BLOCKS = YES;
				GCC_WARN_64_TO_32_BIT_CONVERSION = YES;
				GCC_WARN_ABOUT_RETURN_TYPE = YES_ERROR;
				GCC_WARN_UNDECLARED_SELECTOR = YES;
				GCC_WARN_UNINITIALIZED_AUTOS = YES_AGGRESSIVE;
				GCC_WARN_UNUSED_FUNCTION = YES;
				GCC_WARN_UNUSED_VARIABLE = YES;
				IPHONEOS_DEPLOYMENT_TARGET = 17.0;
				LOCALIZATION_PREFERS_STRING_CATALOGS = YES;
				MTL_ENABLE_DEBUG_INFO = NO;
				MTL_FAST_MATH = YES;
				SDKROOT = iphoneos;
				SWIFT_COMPILATION_MODE = wholemodule;
				VALIDATE_PRODUCT = YES;
			};
			name = Release;
		};
		121E5F672B127EB3002B53E8 /* Debug */ = {
			isa = XCBuildConfiguration;
			buildSettings = {
				ASSETCATALOG_COMPILER_APPICON_NAME = AppIcon;
				ASSETCATALOG_COMPILER_GLOBAL_ACCENT_COLOR_NAME = AccentColor;
				CODE_SIGN_ENTITLEMENTS = SocialMediaApp/SocialMediaApp.entitlements;
				CODE_SIGN_STYLE = Automatic;
				CURRENT_PROJECT_VERSION = 1;
				GENERATE_INFOPLIST_FILE = YES;
				INFOPLIST_FILE = SocialMediaApp/Info.plist;
				INFOPLIST_KEY_UIApplicationSupportsIndirectInputEvents = YES;
				INFOPLIST_KEY_UILaunchStoryboardName = LaunchScreen;
				INFOPLIST_KEY_UIMainStoryboardFile = Main;
				INFOPLIST_KEY_UISupportedInterfaceOrientations_iPad = "UIInterfaceOrientationPortrait UIInterfaceOrientationPortraitUpsideDown UIInterfaceOrientationLandscapeLeft UIInterfaceOrientationLandscapeRight";
				INFOPLIST_KEY_UISupportedInterfaceOrientations_iPhone = "UIInterfaceOrientationPortrait UIInterfaceOrientationLandscapeLeft UIInterfaceOrientationLandscapeRight";
				LD_RUNPATH_SEARCH_PATHS = (
					"$(inherited)",
					"@executable_path/Frameworks",
				);
				MARKETING_VERSION = 1.0;
				PRODUCT_BUNDLE_IDENTIFIER = com.example.SocialMediaApp;
				PRODUCT_NAME = "$(TARGET_NAME)";
				SWIFT_EMIT_LOC_STRINGS = YES;
				SWIFT_VERSION = 5.0;
				TARGETED_DEVICE_FAMILY = "1,2";
			};
			name = Debug;
		};
		121E5F682B127EB3002B53E8 /* Release */ = {
			isa = XCBuildConfiguration;
			buildSettings = {
				ASSETCATALOG_COMPILER_APPICON_NAME = AppIcon;
				ASSETCATALOG_COMPILER_GLOBAL_ACCENT_COLOR_NAME = AccentColor;
				CODE_SIGN_ENTITLEMENTS = SocialMediaApp/SocialMediaApp.entitlements;
				CODE_SIGN_STYLE = Automatic;
				CURRENT_PROJECT_VERSION = 1;
				GENERATE_INFOPLIST_FILE = YES;
				INFOPLIST_FILE = SocialMediaApp/Info.plist;
				INFOPLIST_KEY_UIApplicationSupportsIndirectInputEvents = YES;
				INFOPLIST_KEY_UILaunchStoryboardName = LaunchScreen;
				INFOPLIST_KEY_UIMainStoryboardFile = Main;
				INFOPLIST_KEY_UISupportedInterfaceOrientations_iPad = "UIInterfaceOrientationPortrait UIInterfaceOrientationPortraitUpsideDown UIInterfaceOrientationLandscapeLeft UIInterfaceOrientationLandscapeRight";
				INFOPLIST_KEY_UISupportedInterfaceOrientations_iPhone = "UIInterfaceOrientationPortrait UIInterfaceOrientationLandscapeLeft UIInterfaceOrientationLandscapeRight";
				LD_RUNPATH_SEARCH_PATHS = (
					"$(inherited)",
					"@executable_path/Frameworks",
				);
				MARKETING_VERSION = 1.0;
				PRODUCT_BUNDLE_IDENTIFIER = com.example.SocialMediaApp;
				PRODUCT_NAME = "$(TARGET_NAME)";
				SWIFT_EMIT_LOC_STRINGS = YES;
				SWIFT_VERSION = 5.0;
				TARGETED_DEVICE_FAMILY = "1,2";
			};
			name = Release;
		};
		121E5F6A2B127EB3002B53E8 /* Debug */ = {
			isa = XCBuildConfiguration;
			buildSettings = {
				ALWAYS_EMBED_SWIFT_STANDARD_LIBRARIES = YES;
				BUNDLE_LOADER = "$(TEST_HOST)";
				CODE_SIGN_STYLE = Automatic;
				CURRENT_PROJECT_VERSION = 1;
				GENERATE_INFOPLIST_FILE = YES;
				IPHONEOS_DEPLOYMENT_TARGET = 17.0;
				MARKETING_VERSION = 1.0;
				PRODUCT_BUNDLE_IDENTIFIER = com.example.SocialMediaAppTests;
				PRODUCT_NAME = "$(TARGET_NAME)";
				SWIFT_EMIT_LOC_STRINGS = NO;
				SWIFT_VERSION = 5.0;
				TARGETED_DEVICE_FAMILY = "1,2";
				TEST_HOST = "$(BUILT_PRODUCTS_DIR)/SocialMediaApp.app/$(BUNDLE_EXECUTABLE_FOLDER_PATH)/SocialMediaApp";
			};
			name = Debug;
		};
		121E5F6B2B127EB3002B53E8 /* Release */ = {
			isa = XCBuildConfiguration;
			buildSettings = {
				ALWAYS_EMBED_SWIFT_STANDARD_LIBRARIES = YES;
				BUNDLE_LOADER = "$(TEST_HOST)";
				CODE_SIGN_STYLE = Automatic;
				CURRENT_PROJECT_VERSION = 1;
				GENERATE_INFOPLIST_FILE = YES;
				IPHONEOS_DEPLOYMENT_TARGET = 17.0;
				MARKETING_VERSION = 1.0;
				PRODUCT_BUNDLE_IDENTIFIER = com.example.SocialMediaAppTests;
				PRODUCT_NAME = "$(TARGET_NAME)";
				SWIFT_EMIT_LOC_STRINGS = NO;
				SWIFT_VERSION = 5.0;
				TARGETED_DEVICE_FAMILY = "1,2";
				TEST_HOST = "$(BUILT_PRODUCTS_DIR)/SocialMediaApp.app/$(BUNDLE_EXECUTABLE_FOLDER_PATH)/SocialMediaApp";
			};
			name = Release;
		};
		121E5F6D2B127EB3002B53E8 /* Debug */ = {
			isa = XCBuildConfiguration;
			buildSettings = {
				ALWAYS_EMBED_SWIFT_STANDARD_LIBRARIES = YES;
				CODE_SIGN_STYLE = Automatic;
				CURRENT_PROJECT_VERSION = 1;
				GENERATE_INFOPLIST_FILE = YES;
				MARKETING_VERSION = 1.0;
				PRODUCT_BUNDLE_IDENTIFIER = com.example.SocialMediaAppUITests;
				PRODUCT_NAME = "$(TARGET_NAME)";
				SWIFT_EMIT_LOC_STRINGS = NO;
				SWIFT_VERSION = 5.0;
				TARGETED_DEVICE_FAMILY = "1,2";
				TEST_TARGET_NAME = SocialMediaApp;
			};
			name = Debug;
		};
		121E5F6E2B127EB3002B53E8 /* Release */ = {
			isa = XCBuildConfiguration;
			buildSettings = {
				ALWAYS_EMBED_SWIFT_STANDARD_LIBRARIES = YES;
				CODE_SIGN_STYLE = Automatic;
				CURRENT_PROJECT_VERSION = 1;
				GENERATE_INFOPLIST_FILE = YES;
				MARKETING_VERSION = 1.0;
				PRODUCT_BUNDLE_IDENTIFIER = com.example.SocialMediaAppUITests;
				PRODUCT_NAME = "$(TARGET_NAME)";
				SWIFT_EMIT_LOC_STRINGS = NO;
				SWIFT_VERSION = 5.0;
				TARGETED_DEVICE_FAMILY = "1,2";
				TEST_TARGET_NAME = SocialMediaApp;
			};
			name = Release;
		};
/* End XCBuildConfiguration section */

/* Begin XCConfigurationList section */
		121E5F372B127EB1002B53E8 /* Build configuration list for PBXProject "SocialMediaApp" */ = {
			isa = XCConfigurationList;
			buildConfigurations = (
				121E5F642B127EB3002B53E8 /* Debug */,
				121E5F652B127EB3002B53E8 /* Release */,
			);
			defaultConfigurationIsVisible = 0;
			defaultConfigurationName = Release;
		};
		121E5F662B127EB3002B53E8 /* Build configuration list for PBXNativeTarget "SocialMediaApp" */ = {
			isa = XCConfigurationList;
			buildConfigurations = (
				121E5F672B127EB3002B53E8 /* Debug */,
				121E5F682B127EB3002B53E8 /* Release */,
			);
			defaultConfigurationIsVisible = 0;
			defaultConfigurationName = Release;
		};
		121E5F692B127EB3002B53E8 /* Build configuration list for PBXNativeTarget "SocialMediaAppTests" */ = {
			isa = XCConfigurationList;
			buildConfigurations = (
				121E5F6A2B127EB3002B53E8 /* Debug */,
				121E5F6B2B127EB3002B53E8 /* Release */,
			);
			defaultConfigurationIsVisible = 0;
			defaultConfigurationName = Release;
		};
		121E5F6C2B127EB3002B53E8 /* Build configuration list for PBXNativeTarget "SocialMediaAppUITests" */ = {
			isa = XCConfigurationList;
			buildConfigurations = (
				121E5F6D2B127EB3002B53E8 /* Debug */,
				121E5F6E2B127EB3002B53E8 /* Release */,
			);
			defaultConfigurationIsVisible = 0;
			defaultConfigurationName = Release;
		};
/* End XCConfigurationList section */

/* Begin XCRemoteSwiftPackageReference section */
		121E5F7C2B127F4B002B53E8 /* XCRemoteSwiftPackageReference "SDWebImage" */ = {
			isa = XCRemoteSwiftPackageReference;
			repositoryURL = "https://github.com/SDWebImage/SDWebImage";
			requirement = {
				kind = upToNextMajorVersion;
				minimumVersion = 5.18.5;
			};
		};
		121E5F8D2B17210D002B53E8 /* XCRemoteSwiftPackageReference "facebook-ios-sdk" */ = {
			isa = XCRemoteSwiftPackageReference;
			repositoryURL = "https://github.com/facebook/facebook-ios-sdk";
			requirement = {
				kind = upToNextMajorVersion;
				minimumVersion = 16.2.1;
			};
		};
/* End XCRemoteSwiftPackageReference section */

/* Begin XCSwiftPackageProductDependency section */
		121E5F7D2B127F4B002B53E8 /* SDWebImage */ = {
			isa = XCSwiftPackageProductDependency;
			package = 121E5F7C2B127F4B002B53E8 /* XCRemoteSwiftPackageReference "SDWebImage" */;
			productName = SDWebImage;
		};
		121E5F8E2B17210D002B53E8 /* FacebookCore */ = {
			isa = XCSwiftPackageProductDependency;
			package = 121E5F8D2B17210D002B53E8 /* XCRemoteSwiftPackageReference "facebook-ios-sdk" */;
			productName = FacebookCore;
		};
		121E5F902B17210D002B53E8 /* FacebookLogin */ = {
			isa = XCSwiftPackageProductDependency;
			package = 121E5F8D2B17210D002B53E8 /* XCRemoteSwiftPackageReference "facebook-ios-sdk" */;
			productName = FacebookLogin;
		};
		121E5F922B17210D002B53E8 /* FacebookShare */ = {
			isa = XCSwiftPackageProductDependency;
			package = 121E5F8D2B17210D002B53E8 /* XCRemoteSwiftPackageReference "facebook-ios-sdk" */;
			productName = FacebookShare;
		};
/* End XCSwiftPackageProductDependency section */
	};
	rootObject = 121E5F342B127EB1002B53E8 /* Project object */;
}
