// !$*UTF8*$!
{
	archiveVersion = 1;
	classes = {
	};
	objectVersion = 56;
	objects = {

/* Begin PBXBuildFile section */
		120E49B22AD9426600F86073 /* AppDelegate.swift in Sources */ = {isa = PBXBuildFile; fileRef = 120E49B12AD9426600F86073 /* AppDelegate.swift */; };
		120E49B42AD9426600F86073 /* SceneDelegate.swift in Sources */ = {isa = PBXBuildFile; fileRef = 120E49B32AD9426600F86073 /* SceneDelegate.swift */; };
		120E49B62AD9426600F86073 /* ViewController.swift in Sources */ = {isa = PBXBuildFile; fileRef = 120E49B52AD9426600F86073 /* ViewController.swift */; };
		120E49B92AD9426600F86073 /* Main.storyboard in Resources */ = {isa = PBXBuildFile; fileRef = 120E49B72AD9426600F86073 /* Main.storyboard */; };
		120E49BB2AD9426700F86073 /* Assets.xcassets in Resources */ = {isa = PBXBuildFile; fileRef = 120E49BA2AD9426700F86073 /* Assets.xcassets */; };
		120E49BE2AD9426700F86073 /* LaunchScreen.storyboard in Resources */ = {isa = PBXBuildFile; fileRef = 120E49BC2AD9426700F86073 /* LaunchScreen.storyboard */; };
		120E49C92AD9426700F86073 /* WeatherAppTests.swift in Sources */ = {isa = PBXBuildFile; fileRef = 120E49C82AD9426700F86073 /* WeatherAppTests.swift */; };
		120E49D32AD9426700F86073 /* WeatherAppUITests.swift in Sources */ = {isa = PBXBuildFile; fileRef = 120E49D22AD9426700F86073 /* WeatherAppUITests.swift */; };
		120E49D52AD9426700F86073 /* WeatherAppUITestsLaunchTests.swift in Sources */ = {isa = PBXBuildFile; fileRef = 120E49D42AD9426700F86073 /* WeatherAppUITestsLaunchTests.swift */; };
		120E4A212ADF1E4300F86073 /* ApiManager.swift in Sources */ = {isa = PBXBuildFile; fileRef = 120E4A202ADF1E4300F86073 /* ApiManager.swift */; };
		120E4A242ADF1F1400F86073 /* WeatherResponse.swift in Sources */ = {isa = PBXBuildFile; fileRef = 120E4A232ADF1F1400F86073 /* WeatherResponse.swift */; };
		120E4A262ADF24AF00F86073 /* LocationManager.swift in Sources */ = {isa = PBXBuildFile; fileRef = 120E4A252ADF24AF00F86073 /* LocationManager.swift */; };
		120E4A292AE06CE200F86073 /* WeatherView.swift in Sources */ = {isa = PBXBuildFile; fileRef = 120E4A282AE06CE200F86073 /* WeatherView.swift */; };
/* End PBXBuildFile section */

/* Begin PBXContainerItemProxy section */
		120E49C52AD9426700F86073 /* PBXContainerItemProxy */ = {
			isa = PBXContainerItemProxy;
			containerPortal = 120E49A62AD9426600F86073 /* Project object */;
			proxyType = 1;
			remoteGlobalIDString = 120E49AD2AD9426600F86073;
			remoteInfo = WeatherApp;
		};
		120E49CF2AD9426700F86073 /* PBXContainerItemProxy */ = {
			isa = PBXContainerItemProxy;
			containerPortal = 120E49A62AD9426600F86073 /* Project object */;
			proxyType = 1;
			remoteGlobalIDString = 120E49AD2AD9426600F86073;
			remoteInfo = WeatherApp;
		};
/* End PBXContainerItemProxy section */

/* Begin PBXFileReference section */
		120E49AE2AD9426600F86073 /* WeatherApp.app */ = {isa = PBXFileReference; explicitFileType = wrapper.application; includeInIndex = 0; path = WeatherApp.app; sourceTree = BUILT_PRODUCTS_DIR; };
		120E49B12AD9426600F86073 /* AppDelegate.swift */ = {isa = PBXFileReference; lastKnownFileType = sourcecode.swift; path = AppDelegate.swift; sourceTree = "<group>"; };
		120E49B32AD9426600F86073 /* SceneDelegate.swift */ = {isa = PBXFileReference; lastKnownFileType = sourcecode.swift; path = SceneDelegate.swift; sourceTree = "<group>"; };
		120E49B52AD9426600F86073 /* ViewController.swift */ = {isa = PBXFileReference; lastKnownFileType = sourcecode.swift; path = ViewController.swift; sourceTree = "<group>"; };
		120E49B82AD9426600F86073 /* Base */ = {isa = PBXFileReference; lastKnownFileType = file.storyboard; name = Base; path = Base.lproj/Main.storyboard; sourceTree = "<group>"; };
		120E49BA2AD9426700F86073 /* Assets.xcassets */ = {isa = PBXFileReference; lastKnownFileType = folder.assetcatalog; path = Assets.xcassets; sourceTree = "<group>"; };
		120E49BD2AD9426700F86073 /* Base */ = {isa = PBXFileReference; lastKnownFileType = file.storyboard; name = Base; path = Base.lproj/LaunchScreen.storyboard; sourceTree = "<group>"; };
		120E49BF2AD9426700F86073 /* Info.plist */ = {isa = PBXFileReference; lastKnownFileType = text.plist.xml; path = Info.plist; sourceTree = "<group>"; };
		120E49C42AD9426700F86073 /* WeatherAppTests.xctest */ = {isa = PBXFileReference; explicitFileType = wrapper.cfbundle; includeInIndex = 0; path = WeatherAppTests.xctest; sourceTree = BUILT_PRODUCTS_DIR; };
		120E49C82AD9426700F86073 /* WeatherAppTests.swift */ = {isa = PBXFileReference; lastKnownFileType = sourcecode.swift; path = WeatherAppTests.swift; sourceTree = "<group>"; };
		120E49CE2AD9426700F86073 /* WeatherAppUITests.xctest */ = {isa = PBXFileReference; explicitFileType = wrapper.cfbundle; includeInIndex = 0; path = WeatherAppUITests.xctest; sourceTree = BUILT_PRODUCTS_DIR; };
		120E49D22AD9426700F86073 /* WeatherAppUITests.swift */ = {isa = PBXFileReference; lastKnownFileType = sourcecode.swift; path = WeatherAppUITests.swift; sourceTree = "<group>"; };
		120E49D42AD9426700F86073 /* WeatherAppUITestsLaunchTests.swift */ = {isa = PBXFileReference; lastKnownFileType = sourcecode.swift; path = WeatherAppUITestsLaunchTests.swift; sourceTree = "<group>"; };
		120E4A202ADF1E4300F86073 /* ApiManager.swift */ = {isa = PBXFileReference; lastKnownFileType = sourcecode.swift; path = ApiManager.swift; sourceTree = "<group>"; };
		120E4A232ADF1F1400F86073 /* WeatherResponse.swift */ = {isa = PBXFileReference; lastKnownFileType = sourcecode.swift; path = WeatherResponse.swift; sourceTree = "<group>"; };
		120E4A252ADF24AF00F86073 /* LocationManager.swift */ = {isa = PBXFileReference; lastKnownFileType = sourcecode.swift; path = LocationManager.swift; sourceTree = "<group>"; };
		120E4A282AE06CE200F86073 /* WeatherView.swift */ = {isa = PBXFileReference; lastKnownFileType = sourcecode.swift; path = WeatherView.swift; sourceTree = "<group>"; };
/* End PBXFileReference section */

/* Begin PBXFrameworksBuildPhase section */
		120E49AB2AD9426600F86073 /* Frameworks */ = {
			isa = PBXFrameworksBuildPhase;
			buildActionMask = 2147483647;
			files = (
			);
			runOnlyForDeploymentPostprocessing = 0;
		};
		120E49C12AD9426700F86073 /* Frameworks */ = {
			isa = PBXFrameworksBuildPhase;
			buildActionMask = 2147483647;
			files = (
			);
			runOnlyForDeploymentPostprocessing = 0;
		};
		120E49CB2AD9426700F86073 /* Frameworks */ = {
			isa = PBXFrameworksBuildPhase;
			buildActionMask = 2147483647;
			files = (
			);
			runOnlyForDeploymentPostprocessing = 0;
		};
/* End PBXFrameworksBuildPhase section */

/* Begin PBXGroup section */
		120E49A52AD9426600F86073 = {
			isa = PBXGroup;
			children = (
				120E49B02AD9426600F86073 /* WeatherApp */,
				120E49C72AD9426700F86073 /* WeatherAppTests */,
				120E49D12AD9426700F86073 /* WeatherAppUITests */,
				120E49AF2AD9426600F86073 /* Products */,
			);
			sourceTree = "<group>";
		};
		120E49AF2AD9426600F86073 /* Products */ = {
			isa = PBXGroup;
			children = (
				120E49AE2AD9426600F86073 /* WeatherApp.app */,
				120E49C42AD9426700F86073 /* WeatherAppTests.xctest */,
				120E49CE2AD9426700F86073 /* WeatherAppUITests.xctest */,
			);
			name = Products;
			sourceTree = "<group>";
		};
		120E49B02AD9426600F86073 /* WeatherApp */ = {
			isa = PBXGroup;
			children = (
				120E49B12AD9426600F86073 /* AppDelegate.swift */,
				120E49B32AD9426600F86073 /* SceneDelegate.swift */,
				120E49B52AD9426600F86073 /* ViewController.swift */,
				120E4A272AE06CD300F86073 /* View */,
				120E4A222ADF1EFB00F86073 /* Model */,
				120E4A1F2ADF1E2B00F86073 /* Manager */,
				120E49B72AD9426600F86073 /* Main.storyboard */,
				120E49BA2AD9426700F86073 /* Assets.xcassets */,
				120E49BC2AD9426700F86073 /* LaunchScreen.storyboard */,
				120E49BF2AD9426700F86073 /* Info.plist */,
			);
			path = WeatherApp;
			sourceTree = "<group>";
		};
		120E49C72AD9426700F86073 /* WeatherAppTests */ = {
			isa = PBXGroup;
			children = (
				120E49C82AD9426700F86073 /* WeatherAppTests.swift */,
			);
			path = WeatherAppTests;
			sourceTree = "<group>";
		};
		120E49D12AD9426700F86073 /* WeatherAppUITests */ = {
			isa = PBXGroup;
			children = (
				120E49D22AD9426700F86073 /* WeatherAppUITests.swift */,
				120E49D42AD9426700F86073 /* WeatherAppUITestsLaunchTests.swift */,
			);
			path = WeatherAppUITests;
			sourceTree = "<group>";
		};
		120E4A1F2ADF1E2B00F86073 /* Manager */ = {
			isa = PBXGroup;
			children = (
				120E4A202ADF1E4300F86073 /* ApiManager.swift */,
				120E4A252ADF24AF00F86073 /* LocationManager.swift */,
			);
			path = Manager;
			sourceTree = "<group>";
		};
		120E4A222ADF1EFB00F86073 /* Model */ = {
			isa = PBXGroup;
			children = (
				120E4A232ADF1F1400F86073 /* WeatherResponse.swift */,
			);
			path = Model;
			sourceTree = "<group>";
		};
		120E4A272AE06CD300F86073 /* View */ = {
			isa = PBXGroup;
			children = (
				120E4A282AE06CE200F86073 /* WeatherView.swift */,
			);
			path = View;
			sourceTree = "<group>";
		};
/* End PBXGroup section */

/* Begin PBXNativeTarget section */
		120E49AD2AD9426600F86073 /* WeatherApp */ = {
			isa = PBXNativeTarget;
			buildConfigurationList = 120E49D82AD9426700F86073 /* Build configuration list for PBXNativeTarget "WeatherApp" */;
			buildPhases = (
				120E49AA2AD9426600F86073 /* Sources */,
				120E49AB2AD9426600F86073 /* Frameworks */,
				120E49AC2AD9426600F86073 /* Resources */,
			);
			buildRules = (
			);
			dependencies = (
			);
			name = WeatherApp;
			productName = WeatherApp;
			productReference = 120E49AE2AD9426600F86073 /* WeatherApp.app */;
			productType = "com.apple.product-type.application";
		};
		120E49C32AD9426700F86073 /* WeatherAppTests */ = {
			isa = PBXNativeTarget;
			buildConfigurationList = 120E49DB2AD9426700F86073 /* Build configuration list for PBXNativeTarget "WeatherAppTests" */;
			buildPhases = (
				120E49C02AD9426700F86073 /* Sources */,
				120E49C12AD9426700F86073 /* Frameworks */,
				120E49C22AD9426700F86073 /* Resources */,
			);
			buildRules = (
			);
			dependencies = (
				120E49C62AD9426700F86073 /* PBXTargetDependency */,
			);
			name = WeatherAppTests;
			productName = WeatherAppTests;
			productReference = 120E49C42AD9426700F86073 /* WeatherAppTests.xctest */;
			productType = "com.apple.product-type.bundle.unit-test";
		};
		120E49CD2AD9426700F86073 /* WeatherAppUITests */ = {
			isa = PBXNativeTarget;
			buildConfigurationList = 120E49DE2AD9426700F86073 /* Build configuration list for PBXNativeTarget "WeatherAppUITests" */;
			buildPhases = (
				120E49CA2AD9426700F86073 /* Sources */,
				120E49CB2AD9426700F86073 /* Frameworks */,
				120E49CC2AD9426700F86073 /* Resources */,
			);
			buildRules = (
			);
			dependencies = (
				120E49D02AD9426700F86073 /* PBXTargetDependency */,
			);
			name = WeatherAppUITests;
			productName = WeatherAppUITests;
			productReference = 120E49CE2AD9426700F86073 /* WeatherAppUITests.xctest */;
			productType = "com.apple.product-type.bundle.ui-testing";
		};
/* End PBXNativeTarget section */

/* Begin PBXProject section */
		120E49A62AD9426600F86073 /* Project object */ = {
			isa = PBXProject;
			attributes = {
				BuildIndependentTargetsInParallel = 1;
				LastSwiftUpdateCheck = 1500;
				LastUpgradeCheck = 1500;
				TargetAttributes = {
					120E49AD2AD9426600F86073 = {
						CreatedOnToolsVersion = 15.0;
					};
					120E49C32AD9426700F86073 = {
						CreatedOnToolsVersion = 15.0;
						TestTargetID = 120E49AD2AD9426600F86073;
					};
					120E49CD2AD9426700F86073 = {
						CreatedOnToolsVersion = 15.0;
						TestTargetID = 120E49AD2AD9426600F86073;
					};
				};
			};
			buildConfigurationList = 120E49A92AD9426600F86073 /* Build configuration list for PBXProject "WeatherApp" */;
			compatibilityVersion = "Xcode 14.0";
			developmentRegion = en;
			hasScannedForEncodings = 0;
			knownRegions = (
				en,
				Base,
			);
			mainGroup = 120E49A52AD9426600F86073;
			productRefGroup = 120E49AF2AD9426600F86073 /* Products */;
			projectDirPath = "";
			projectRoot = "";
			targets = (
				120E49AD2AD9426600F86073 /* WeatherApp */,
				120E49C32AD9426700F86073 /* WeatherAppTests */,
				120E49CD2AD9426700F86073 /* WeatherAppUITests */,
			);
		};
/* End PBXProject section */

/* Begin PBXResourcesBuildPhase section */
		120E49AC2AD9426600F86073 /* Resources */ = {
			isa = PBXResourcesBuildPhase;
			buildActionMask = 2147483647;
			files = (
				120E49BE2AD9426700F86073 /* LaunchScreen.storyboard in Resources */,
				120E49BB2AD9426700F86073 /* Assets.xcassets in Resources */,
				120E49B92AD9426600F86073 /* Main.storyboard in Resources */,
			);
			runOnlyForDeploymentPostprocessing = 0;
		};
		120E49C22AD9426700F86073 /* Resources */ = {
			isa = PBXResourcesBuildPhase;
			buildActionMask = 2147483647;
			files = (
			);
			runOnlyForDeploymentPostprocessing = 0;
		};
		120E49CC2AD9426700F86073 /* Resources */ = {
			isa = PBXResourcesBuildPhase;
			buildActionMask = 2147483647;
			files = (
			);
			runOnlyForDeploymentPostprocessing = 0;
		};
/* End PBXResourcesBuildPhase section */

/* Begin PBXSourcesBuildPhase section */
		120E49AA2AD9426600F86073 /* Sources */ = {
			isa = PBXSourcesBuildPhase;
			buildActionMask = 2147483647;
			files = (
				120E49B62AD9426600F86073 /* ViewController.swift in Sources */,
				120E4A242ADF1F1400F86073 /* WeatherResponse.swift in Sources */,
				120E4A262ADF24AF00F86073 /* LocationManager.swift in Sources */,
				120E49B22AD9426600F86073 /* AppDelegate.swift in Sources */,
				120E4A212ADF1E4300F86073 /* ApiManager.swift in Sources */,
				120E4A292AE06CE200F86073 /* WeatherView.swift in Sources */,
				120E49B42AD9426600F86073 /* SceneDelegate.swift in Sources */,
			);
			runOnlyForDeploymentPostprocessing = 0;
		};
		120E49C02AD9426700F86073 /* Sources */ = {
			isa = PBXSourcesBuildPhase;
			buildActionMask = 2147483647;
			files = (
				120E49C92AD9426700F86073 /* WeatherAppTests.swift in Sources */,
			);
			runOnlyForDeploymentPostprocessing = 0;
		};
		120E49CA2AD9426700F86073 /* Sources */ = {
			isa = PBXSourcesBuildPhase;
			buildActionMask = 2147483647;
			files = (
				120E49D32AD9426700F86073 /* WeatherAppUITests.swift in Sources */,
				120E49D52AD9426700F86073 /* WeatherAppUITestsLaunchTests.swift in Sources */,
			);
			runOnlyForDeploymentPostprocessing = 0;
		};
/* End PBXSourcesBuildPhase section */

/* Begin PBXTargetDependency section */
		120E49C62AD9426700F86073 /* PBXTargetDependency */ = {
			isa = PBXTargetDependency;
			target = 120E49AD2AD9426600F86073 /* WeatherApp */;
			targetProxy = 120E49C52AD9426700F86073 /* PBXContainerItemProxy */;
		};
		120E49D02AD9426700F86073 /* PBXTargetDependency */ = {
			isa = PBXTargetDependency;
			target = 120E49AD2AD9426600F86073 /* WeatherApp */;
			targetProxy = 120E49CF2AD9426700F86073 /* PBXContainerItemProxy */;
		};
/* End PBXTargetDependency section */

/* Begin PBXVariantGroup section */
		120E49B72AD9426600F86073 /* Main.storyboard */ = {
			isa = PBXVariantGroup;
			children = (
				120E49B82AD9426600F86073 /* Base */,
			);
			name = Main.storyboard;
			sourceTree = "<group>";
		};
		120E49BC2AD9426700F86073 /* LaunchScreen.storyboard */ = {
			isa = PBXVariantGroup;
			children = (
				120E49BD2AD9426700F86073 /* Base */,
			);
			name = LaunchScreen.storyboard;
			sourceTree = "<group>";
		};
/* End PBXVariantGroup section */

/* Begin XCBuildConfiguration section */
		120E49D62AD9426700F86073 /* Debug */ = {
			isa = XCBuildConfiguration;
			buildSettings = {
				ALWAYS_SEARCH_USER_PATHS = NO;
				ASSETCATALOG_COMPILER_GENERATE_SWIFT_ASSET_SYMBOL_EXTENSIONS = YES;
				CLANG_ANALYZER_NONNULL = YES;
				CLANG_ANALYZER_NUMBER_OBJECT_CONVERSION = YES_AGGRESSIVE;
				CLANG_CXX_LANGUAGE_STANDARD = "gnu++20";
				CLANG_ENABLE_MODULES = YES;
				CLANG_ENABLE_OBJC_ARC = YES;
				CLANG_ENABLE_OBJC_WEAK = YES;
				CLANG_WARN_BLOCK_CAPTURE_AUTORELEASING = YES;
				CLANG_WARN_BOOL_CONVERSION = YES;
				CLANG_WARN_COMMA = YES;
				CLANG_WARN_CONSTANT_CONVERSION = YES;
				CLANG_WARN_DEPRECATED_OBJC_IMPLEMENTATIONS = YES;
				CLANG_WARN_DIRECT_OBJC_ISA_USAGE = YES_ERROR;
				CLANG_WARN_DOCUMENTATION_COMMENTS = YES;
				CLANG_WARN_EMPTY_BODY = YES;
				CLANG_WARN_ENUM_CONVERSION = YES;
				CLANG_WARN_INFINITE_RECURSION = YES;
				CLANG_WARN_INT_CONVERSION = YES;
				CLANG_WARN_NON_LITERAL_NULL_CONVERSION = YES;
				CLANG_WARN_OBJC_IMPLICIT_RETAIN_SELF = YES;
				CLANG_WARN_OBJC_LITERAL_CONVERSION = YES;
				CLANG_WARN_OBJC_ROOT_CLASS = YES_ERROR;
				CLANG_WARN_QUOTED_INCLUDE_IN_FRAMEWORK_HEADER = YES;
				CLANG_WARN_RANGE_LOOP_ANALYSIS = YES;
				CLANG_WARN_STRICT_PROTOTYPES = YES;
				CLANG_WARN_SUSPICIOUS_MOVE = YES;
				CLANG_WARN_UNGUARDED_AVAILABILITY = YES_AGGRESSIVE;
				CLANG_WARN_UNREACHABLE_CODE = YES;
				CLANG_WARN__DUPLICATE_METHOD_MATCH = YES;
				COPY_PHASE_STRIP = NO;
				DEBUG_INFORMATION_FORMAT = dwarf;
				ENABLE_STRICT_OBJC_MSGSEND = YES;
				ENABLE_TESTABILITY = YES;
				ENABLE_USER_SCRIPT_SANDBOXING = YES;
				GCC_C_LANGUAGE_STANDARD = gnu17;
				GCC_DYNAMIC_NO_PIC = NO;
				GCC_NO_COMMON_BLOCKS = YES;
				GCC_OPTIMIZATION_LEVEL = 0;
				GCC_PREPROCESSOR_DEFINITIONS = (
					"DEBUG=1",
					"$(inherited)",
				);
				GCC_WARN_64_TO_32_BIT_CONVERSION = YES;
				GCC_WARN_ABOUT_RETURN_TYPE = YES_ERROR;
				GCC_WARN_UNDECLARED_SELECTOR = YES;
				GCC_WARN_UNINITIALIZED_AUTOS = YES_AGGRESSIVE;
				GCC_WARN_UNUSED_FUNCTION = YES;
				GCC_WARN_UNUSED_VARIABLE = YES;
				IPHONEOS_DEPLOYMENT_TARGET = 17.0;
				LOCALIZATION_PREFERS_STRING_CATALOGS = YES;
				MTL_ENABLE_DEBUG_INFO = INCLUDE_SOURCE;
				MTL_FAST_MATH = YES;
				ONLY_ACTIVE_ARCH = YES;
				SDKROOT = iphoneos;
				SWIFT_ACTIVE_COMPILATION_CONDITIONS = "DEBUG $(inherited)";
				SWIFT_OPTIMIZATION_LEVEL = "-Onone";
			};
			name = Debug;
		};
		120E49D72AD9426700F86073 /* Release */ = {
			isa = XCBuildConfiguration;
			buildSettings = {
				ALWAYS_SEARCH_USER_PATHS = NO;
				ASSETCATALOG_COMPILER_GENERATE_SWIFT_ASSET_SYMBOL_EXTENSIONS = YES;
				CLANG_ANALYZER_NONNULL = YES;
				CLANG_ANALYZER_NUMBER_OBJECT_CONVERSION = YES_AGGRESSIVE;
				CLANG_CXX_LANGUAGE_STANDARD = "gnu++20";
				CLANG_ENABLE_MODULES = YES;
				CLANG_ENABLE_OBJC_ARC = YES;
				CLANG_ENABLE_OBJC_WEAK = YES;
				CLANG_WARN_BLOCK_CAPTURE_AUTORELEASING = YES;
				CLANG_WARN_BOOL_CONVERSION = YES;
				CLANG_WARN_COMMA = YES;
				CLANG_WARN_CONSTANT_CONVERSION = YES;
				CLANG_WARN_DEPRECATED_OBJC_IMPLEMENTATIONS = YES;
				CLANG_WARN_DIRECT_OBJC_ISA_USAGE = YES_ERROR;
				CLANG_WARN_DOCUMENTATION_COMMENTS = YES;
				CLANG_WARN_EMPTY_BODY = YES;
				CLANG_WARN_ENUM_CONVERSION = YES;
				CLANG_WARN_INFINITE_RECURSION = YES;
				CLANG_WARN_INT_CONVERSION = YES;
				CLANG_WARN_NON_LITERAL_NULL_CONVERSION = YES;
				CLANG_WARN_OBJC_IMPLICIT_RETAIN_SELF = YES;
				CLANG_WARN_OBJC_LITERAL_CONVERSION = YES;
				CLANG_WARN_OBJC_ROOT_CLASS = YES_ERROR;
				CLANG_WARN_QUOTED_INCLUDE_IN_FRAMEWORK_HEADER = YES;
				CLANG_WARN_RANGE_LOOP_ANALYSIS = YES;
				CLANG_WARN_STRICT_PROTOTYPES = YES;
				CLANG_WARN_SUSPICIOUS_MOVE = YES;
				CLANG_WARN_UNGUARDED_AVAILABILITY = YES_AGGRESSIVE;
				CLANG_WARN_UNREACHABLE_CODE = YES;
				CLANG_WARN__DUPLICATE_METHOD_MATCH = YES;
				COPY_PHASE_STRIP = NO;
				DEBUG_INFORMATION_FORMAT = "dwarf-with-dsym";
				ENABLE_NS_ASSERTIONS = NO;
				ENABLE_STRICT_OBJC_MSGSEND = YES;
				ENABLE_USER_SCRIPT_SANDBOXING = YES;
				GCC_C_LANGUAGE_STANDARD = gnu17;
				GCC_NO_COMMON_BLOCKS = YES;
				GCC_WARN_64_TO_32_BIT_CONVERSION = YES;
				GCC_WARN_ABOUT_RETURN_TYPE = YES_ERROR;
				GCC_WARN_UNDECLARED_SELECTOR = YES;
				GCC_WARN_UNINITIALIZED_AUTOS = YES_AGGRESSIVE;
				GCC_WARN_UNUSED_FUNCTION = YES;
				GCC_WARN_UNUSED_VARIABLE = YES;
				IPHONEOS_DEPLOYMENT_TARGET = 17.0;
				LOCALIZATION_PREFERS_STRING_CATALOGS = YES;
				MTL_ENABLE_DEBUG_INFO = NO;
				MTL_FAST_MATH = YES;
				SDKROOT = iphoneos;
				SWIFT_COMPILATION_MODE = wholemodule;
				VALIDATE_PRODUCT = YES;
			};
			name = Release;
		};
		120E49D92AD9426700F86073 /* Debug */ = {
			isa = XCBuildConfiguration;
			buildSettings = {
				ASSETCATALOG_COMPILER_APPICON_NAME = AppIcon;
				ASSETCATALOG_COMPILER_GLOBAL_ACCENT_COLOR_NAME = AccentColor;
				CODE_SIGN_STYLE = Automatic;
				CURRENT_PROJECT_VERSION = 1;
				GENERATE_INFOPLIST_FILE = YES;
				INFOPLIST_FILE = WeatherApp/Info.plist;
				INFOPLIST_KEY_UIApplicationSupportsIndirectInputEvents = YES;
				INFOPLIST_KEY_UILaunchStoryboardName = LaunchScreen;
				INFOPLIST_KEY_UIMainStoryboardFile = Main;
				INFOPLIST_KEY_UISupportedInterfaceOrientations_iPad = "UIInterfaceOrientationPortrait UIInterfaceOrientationPortraitUpsideDown UIInterfaceOrientationLandscapeLeft UIInterfaceOrientationLandscapeRight";
				INFOPLIST_KEY_UISupportedInterfaceOrientations_iPhone = "UIInterfaceOrientationPortrait UIInterfaceOrientationLandscapeLeft UIInterfaceOrientationLandscapeRight";
				LD_RUNPATH_SEARCH_PATHS = (
					"$(inherited)",
					"@executable_path/Frameworks",
				);
				MARKETING_VERSION = 1.0;
				PRODUCT_BUNDLE_IDENTIFIER = com.example.WeatherApp;
				PRODUCT_NAME = "$(TARGET_NAME)";
				SWIFT_EMIT_LOC_STRINGS = YES;
				SWIFT_VERSION = 5.0;
				TARGETED_DEVICE_FAMILY = "1,2";
			};
			name = Debug;
		};
		120E49DA2AD9426700F86073 /* Release */ = {
			isa = XCBuildConfiguration;
			buildSettings = {
				ASSETCATALOG_COMPILER_APPICON_NAME = AppIcon;
				ASSETCATALOG_COMPILER_GLOBAL_ACCENT_COLOR_NAME = AccentColor;
				CODE_SIGN_STYLE = Automatic;
				CURRENT_PROJECT_VERSION = 1;
				GENERATE_INFOPLIST_FILE = YES;
				INFOPLIST_FILE = WeatherApp/Info.plist;
				INFOPLIST_KEY_UIApplicationSupportsIndirectInputEvents = YES;
				INFOPLIST_KEY_UILaunchStoryboardName = LaunchScreen;
				INFOPLIST_KEY_UIMainStoryboardFile = Main;
				INFOPLIST_KEY_UISupportedInterfaceOrientations_iPad = "UIInterfaceOrientationPortrait UIInterfaceOrientationPortraitUpsideDown UIInterfaceOrientationLandscapeLeft UIInterfaceOrientationLandscapeRight";
				INFOPLIST_KEY_UISupportedInterfaceOrientations_iPhone = "UIInterfaceOrientationPortrait UIInterfaceOrientationLandscapeLeft UIInterfaceOrientationLandscapeRight";
				LD_RUNPATH_SEARCH_PATHS = (
					"$(inherited)",
					"@executable_path/Frameworks",
				);
				MARKETING_VERSION = 1.0;
				PRODUCT_BUNDLE_IDENTIFIER = com.example.WeatherApp;
				PRODUCT_NAME = "$(TARGET_NAME)";
				SWIFT_EMIT_LOC_STRINGS = YES;
				SWIFT_VERSION = 5.0;
				TARGETED_DEVICE_FAMILY = "1,2";
			};
			name = Release;
		};
		120E49DC2AD9426700F86073 /* Debug */ = {
			isa = XCBuildConfiguration;
			buildSettings = {
				ALWAYS_EMBED_SWIFT_STANDARD_LIBRARIES = YES;
				BUNDLE_LOADER = "$(TEST_HOST)";
				CODE_SIGN_STYLE = Automatic;
				CURRENT_PROJECT_VERSION = 1;
				GENERATE_INFOPLIST_FILE = YES;
				IPHONEOS_DEPLOYMENT_TARGET = 17.0;
				MARKETING_VERSION = 1.0;
				PRODUCT_BUNDLE_IDENTIFIER = com.example.WeatherAppTests;
				PRODUCT_NAME = "$(TARGET_NAME)";
				SWIFT_EMIT_LOC_STRINGS = NO;
				SWIFT_VERSION = 5.0;
				TARGETED_DEVICE_FAMILY = "1,2";
				TEST_HOST = "$(BUILT_PRODUCTS_DIR)/WeatherApp.app/$(BUNDLE_EXECUTABLE_FOLDER_PATH)/WeatherApp";
			};
			name = Debug;
		};
		120E49DD2AD9426700F86073 /* Release */ = {
			isa = XCBuildConfiguration;
			buildSettings = {
				ALWAYS_EMBED_SWIFT_STANDARD_LIBRARIES = YES;
				BUNDLE_LOADER = "$(TEST_HOST)";
				CODE_SIGN_STYLE = Automatic;
				CURRENT_PROJECT_VERSION = 1;
				GENERATE_INFOPLIST_FILE = YES;
				IPHONEOS_DEPLOYMENT_TARGET = 17.0;
				MARKETING_VERSION = 1.0;
				PRODUCT_BUNDLE_IDENTIFIER = com.example.WeatherAppTests;
				PRODUCT_NAME = "$(TARGET_NAME)";
				SWIFT_EMIT_LOC_STRINGS = NO;
				SWIFT_VERSION = 5.0;
				TARGETED_DEVICE_FAMILY = "1,2";
				TEST_HOST = "$(BUILT_PRODUCTS_DIR)/WeatherApp.app/$(BUNDLE_EXECUTABLE_FOLDER_PATH)/WeatherApp";
			};
			name = Release;
		};
		120E49DF2AD9426700F86073 /* Debug */ = {
			isa = XCBuildConfiguration;
			buildSettings = {
				ALWAYS_EMBED_SWIFT_STANDARD_LIBRARIES = YES;
				CODE_SIGN_STYLE = Automatic;
				CURRENT_PROJECT_VERSION = 1;
				GENERATE_INFOPLIST_FILE = YES;
				MARKETING_VERSION = 1.0;
				PRODUCT_BUNDLE_IDENTIFIER = com.example.WeatherAppUITests;
				PRODUCT_NAME = "$(TARGET_NAME)";
				SWIFT_EMIT_LOC_STRINGS = NO;
				SWIFT_VERSION = 5.0;
				TARGETED_DEVICE_FAMILY = "1,2";
				TEST_TARGET_NAME = WeatherApp;
			};
			name = Debug;
		};
		120E49E02AD9426700F86073 /* Release */ = {
			isa = XCBuildConfiguration;
			buildSettings = {
				ALWAYS_EMBED_SWIFT_STANDARD_LIBRARIES = YES;
				CODE_SIGN_STYLE = Automatic;
				CURRENT_PROJECT_VERSION = 1;
				GENERATE_INFOPLIST_FILE = YES;
				MARKETING_VERSION = 1.0;
				PRODUCT_BUNDLE_IDENTIFIER = com.example.WeatherAppUITests;
				PRODUCT_NAME = "$(TARGET_NAME)";
				SWIFT_EMIT_LOC_STRINGS = NO;
				SWIFT_VERSION = 5.0;
				TARGETED_DEVICE_FAMILY = "1,2";
				TEST_TARGET_NAME = WeatherApp;
			};
			name = Release;
		};
/* End XCBuildConfiguration section */

/* Begin XCConfigurationList section */
		120E49A92AD9426600F86073 /* Build configuration list for PBXProject "WeatherApp" */ = {
			isa = XCConfigurationList;
			buildConfigurations = (
				120E49D62AD9426700F86073 /* Debug */,
				120E49D72AD9426700F86073 /* Release */,
			);
			defaultConfigurationIsVisible = 0;
			defaultConfigurationName = Release;
		};
		120E49D82AD9426700F86073 /* Build configuration list for PBXNativeTarget "WeatherApp" */ = {
			isa = XCConfigurationList;
			buildConfigurations = (
				120E49D92AD9426700F86073 /* Debug */,
				120E49DA2AD9426700F86073 /* Release */,
			);
			defaultConfigurationIsVisible = 0;
			defaultConfigurationName = Release;
		};
		120E49DB2AD9426700F86073 /* Build configuration list for PBXNativeTarget "WeatherAppTests" */ = {
			isa = XCConfigurationList;
			buildConfigurations = (
				120E49DC2AD9426700F86073 /* Debug */,
				120E49DD2AD9426700F86073 /* Release */,
			);
			defaultConfigurationIsVisible = 0;
			defaultConfigurationName = Release;
		};
		120E49DE2AD9426700F86073 /* Build configuration list for PBXNativeTarget "WeatherAppUITests" */ = {
			isa = XCConfigurationList;
			buildConfigurations = (
				120E49DF2AD9426700F86073 /* Debug */,
				120E49E02AD9426700F86073 /* Release */,
			);
			defaultConfigurationIsVisible = 0;
			defaultConfigurationName = Release;
		};
/* End XCConfigurationList section */
	};
	rootObject = 120E49A62AD9426600F86073 /* Project object */;
}
