// !$*UTF8*$!
{
	archiveVersion = 1;
	classes = {
	};
	objectVersion = 56;
	objects = {

/* Begin PBXBuildFile section */
		1254FC472B56586200338535 /* AppDelegate.swift in Sources */ = {isa = PBXBuildFile; fileRef = 1254FC462B56586200338535 /* AppDelegate.swift */; };
		1254FC492B56586200338535 /* SceneDelegate.swift in Sources */ = {isa = PBXBuildFile; fileRef = 1254FC482B56586200338535 /* SceneDelegate.swift */; };
		1254FC4B2B56586200338535 /* ViewController.swift in Sources */ = {isa = PBXBuildFile; fileRef = 1254FC4A2B56586200338535 /* ViewController.swift */; };
		1254FC4E2B56586200338535 /* Main.storyboard in Resources */ = {isa = PBXBuildFile; fileRef = 1254FC4C2B56586200338535 /* Main.storyboard */; };
		1254FC502B56586400338535 /* Assets.xcassets in Resources */ = {isa = PBXBuildFile; fileRef = 1254FC4F2B56586400338535 /* Assets.xcassets */; };
		1254FC532B56586400338535 /* LaunchScreen.storyboard in Resources */ = {isa = PBXBuildFile; fileRef = 1254FC512B56586400338535 /* LaunchScreen.storyboard */; };
		1254FC5E2B56586400338535 /* ImageRecognitionTests.swift in Sources */ = {isa = PBXBuildFile; fileRef = 1254FC5D2B56586400338535 /* ImageRecognitionTests.swift */; };
		1254FC682B56586400338535 /* ImageRecognitionUITests.swift in Sources */ = {isa = PBXBuildFile; fileRef = 1254FC672B56586400338535 /* ImageRecognitionUITests.swift */; };
		1254FC6A2B56586400338535 /* ImageRecognitionUITestsLaunchTests.swift in Sources */ = {isa = PBXBuildFile; fileRef = 1254FC692B56586400338535 /* ImageRecognitionUITestsLaunchTests.swift */; };
		1254FC7B2B5835E400338535 /* MobileNetV2.mlmodel in Sources */ = {isa = PBXBuildFile; fileRef = 1254FC7A2B5835E300338535 /* MobileNetV2.mlmodel */; };
/* End PBXBuildFile section */

/* Begin PBXContainerItemProxy section */
		1254FC5A2B56586400338535 /* PBXContainerItemProxy */ = {
			isa = PBXContainerItemProxy;
			containerPortal = 1254FC3B2B56586200338535 /* Project object */;
			proxyType = 1;
			remoteGlobalIDString = 1254FC422B56586200338535;
			remoteInfo = ImageRecognition;
		};
		1254FC642B56586400338535 /* PBXContainerItemProxy */ = {
			isa = PBXContainerItemProxy;
			containerPortal = 1254FC3B2B56586200338535 /* Project object */;
			proxyType = 1;
			remoteGlobalIDString = 1254FC422B56586200338535;
			remoteInfo = ImageRecognition;
		};
/* End PBXContainerItemProxy section */

/* Begin PBXFileReference section */
		1254FC432B56586200338535 /* ImageRecognition.app */ = {isa = PBXFileReference; explicitFileType = wrapper.application; includeInIndex = 0; path = ImageRecognition.app; sourceTree = BUILT_PRODUCTS_DIR; };
		1254FC462B56586200338535 /* AppDelegate.swift */ = {isa = PBXFileReference; lastKnownFileType = sourcecode.swift; path = AppDelegate.swift; sourceTree = "<group>"; };
		1254FC482B56586200338535 /* SceneDelegate.swift */ = {isa = PBXFileReference; lastKnownFileType = sourcecode.swift; path = SceneDelegate.swift; sourceTree = "<group>"; };
		1254FC4A2B56586200338535 /* ViewController.swift */ = {isa = PBXFileReference; lastKnownFileType = sourcecode.swift; path = ViewController.swift; sourceTree = "<group>"; };
		1254FC4D2B56586200338535 /* Base */ = {isa = PBXFileReference; lastKnownFileType = file.storyboard; name = Base; path = Base.lproj/Main.storyboard; sourceTree = "<group>"; };
		1254FC4F2B56586400338535 /* Assets.xcassets */ = {isa = PBXFileReference; lastKnownFileType = folder.assetcatalog; path = Assets.xcassets; sourceTree = "<group>"; };
		1254FC522B56586400338535 /* Base */ = {isa = PBXFileReference; lastKnownFileType = file.storyboard; name = Base; path = Base.lproj/LaunchScreen.storyboard; sourceTree = "<group>"; };
		1254FC542B56586400338535 /* Info.plist */ = {isa = PBXFileReference; lastKnownFileType = text.plist.xml; path = Info.plist; sourceTree = "<group>"; };
		1254FC592B56586400338535 /* ImageRecognitionTests.xctest */ = {isa = PBXFileReference; explicitFileType = wrapper.cfbundle; includeInIndex = 0; path = ImageRecognitionTests.xctest; sourceTree = BUILT_PRODUCTS_DIR; };
		1254FC5D2B56586400338535 /* ImageRecognitionTests.swift */ = {isa = PBXFileReference; lastKnownFileType = sourcecode.swift; path = ImageRecognitionTests.swift; sourceTree = "<group>"; };
		1254FC632B56586400338535 /* ImageRecognitionUITests.xctest */ = {isa = PBXFileReference; explicitFileType = wrapper.cfbundle; includeInIndex = 0; path = ImageRecognitionUITests.xctest; sourceTree = BUILT_PRODUCTS_DIR; };
		1254FC672B56586400338535 /* ImageRecognitionUITests.swift */ = {isa = PBXFileReference; lastKnownFileType = sourcecode.swift; path = ImageRecognitionUITests.swift; sourceTree = "<group>"; };
		1254FC692B56586400338535 /* ImageRecognitionUITestsLaunchTests.swift */ = {isa = PBXFileReference; lastKnownFileType = sourcecode.swift; path = ImageRecognitionUITestsLaunchTests.swift; sourceTree = "<group>"; };
		1254FC7A2B5835E300338535 /* MobileNetV2.mlmodel */ = {isa = PBXFileReference; lastKnownFileType = file.mlmodel; path = MobileNetV2.mlmodel; sourceTree = "<group>"; };
/* End PBXFileReference section */

/* Begin PBXFrameworksBuildPhase section */
		1254FC402B56586200338535 /* Frameworks */ = {
			isa = PBXFrameworksBuildPhase;
			buildActionMask = 2147483647;
			files = (
			);
			runOnlyForDeploymentPostprocessing = 0;
		};
		1254FC562B56586400338535 /* Frameworks */ = {
			isa = PBXFrameworksBuildPhase;
			buildActionMask = 2147483647;
			files = (
			);
			runOnlyForDeploymentPostprocessing = 0;
		};
		1254FC602B56586400338535 /* Frameworks */ = {
			isa = PBXFrameworksBuildPhase;
			buildActionMask = 2147483647;
			files = (
			);
			runOnlyForDeploymentPostprocessing = 0;
		};
/* End PBXFrameworksBuildPhase section */

/* Begin PBXGroup section */
		1254FC3A2B56586200338535 = {
			isa = PBXGroup;
			children = (
				1254FC452B56586200338535 /* ImageRecognition */,
				1254FC5C2B56586400338535 /* ImageRecognitionTests */,
				1254FC662B56586400338535 /* ImageRecognitionUITests */,
				1254FC442B56586200338535 /* Products */,
			);
			sourceTree = "<group>";
		};
		1254FC442B56586200338535 /* Products */ = {
			isa = PBXGroup;
			children = (
				1254FC432B56586200338535 /* ImageRecognition.app */,
				1254FC592B56586400338535 /* ImageRecognitionTests.xctest */,
				1254FC632B56586400338535 /* ImageRecognitionUITests.xctest */,
			);
			name = Products;
			sourceTree = "<group>";
		};
		1254FC452B56586200338535 /* ImageRecognition */ = {
			isa = PBXGroup;
			children = (
				1254FC462B56586200338535 /* AppDelegate.swift */,
				1254FC482B56586200338535 /* SceneDelegate.swift */,
				1254FC4A2B56586200338535 /* ViewController.swift */,
				1254FC7A2B5835E300338535 /* MobileNetV2.mlmodel */,
				1254FC4C2B56586200338535 /* Main.storyboard */,
				1254FC4F2B56586400338535 /* Assets.xcassets */,
				1254FC512B56586400338535 /* LaunchScreen.storyboard */,
				1254FC542B56586400338535 /* Info.plist */,
			);
			path = ImageRecognition;
			sourceTree = "<group>";
		};
		1254FC5C2B56586400338535 /* ImageRecognitionTests */ = {
			isa = PBXGroup;
			children = (
				1254FC5D2B56586400338535 /* ImageRecognitionTests.swift */,
			);
			path = ImageRecognitionTests;
			sourceTree = "<group>";
		};
		1254FC662B56586400338535 /* ImageRecognitionUITests */ = {
			isa = PBXGroup;
			children = (
				1254FC672B56586400338535 /* ImageRecognitionUITests.swift */,
				1254FC692B56586400338535 /* ImageRecognitionUITestsLaunchTests.swift */,
			);
			path = ImageRecognitionUITests;
			sourceTree = "<group>";
		};
/* End PBXGroup section */

/* Begin PBXNativeTarget section */
		1254FC422B56586200338535 /* ImageRecognition */ = {
			isa = PBXNativeTarget;
			buildConfigurationList = 1254FC6D2B56586400338535 /* Build configuration list for PBXNativeTarget "ImageRecognition" */;
			buildPhases = (
				1254FC3F2B56586200338535 /* Sources */,
				1254FC402B56586200338535 /* Frameworks */,
				1254FC412B56586200338535 /* Resources */,
			);
			buildRules = (
			);
			dependencies = (
			);
			name = ImageRecognition;
			productName = ImageRecognition;
			productReference = 1254FC432B56586200338535 /* ImageRecognition.app */;
			productType = "com.apple.product-type.application";
		};
		1254FC582B56586400338535 /* ImageRecognitionTests */ = {
			isa = PBXNativeTarget;
			buildConfigurationList = 1254FC702B56586400338535 /* Build configuration list for PBXNativeTarget "ImageRecognitionTests" */;
			buildPhases = (
				1254FC552B56586400338535 /* Sources */,
				1254FC562B56586400338535 /* Frameworks */,
				1254FC572B56586400338535 /* Resources */,
			);
			buildRules = (
			);
			dependencies = (
				1254FC5B2B56586400338535 /* PBXTargetDependency */,
			);
			name = ImageRecognitionTests;
			productName = ImageRecognitionTests;
			productReference = 1254FC592B56586400338535 /* ImageRecognitionTests.xctest */;
			productType = "com.apple.product-type.bundle.unit-test";
		};
		1254FC622B56586400338535 /* ImageRecognitionUITests */ = {
			isa = PBXNativeTarget;
			buildConfigurationList = 1254FC732B56586400338535 /* Build configuration list for PBXNativeTarget "ImageRecognitionUITests" */;
			buildPhases = (
				1254FC5F2B56586400338535 /* Sources */,
				1254FC602B56586400338535 /* Frameworks */,
				1254FC612B56586400338535 /* Resources */,
			);
			buildRules = (
			);
			dependencies = (
				1254FC652B56586400338535 /* PBXTargetDependency */,
			);
			name = ImageRecognitionUITests;
			productName = ImageRecognitionUITests;
			productReference = 1254FC632B56586400338535 /* ImageRecognitionUITests.xctest */;
			productType = "com.apple.product-type.bundle.ui-testing";
		};
/* End PBXNativeTarget section */

/* Begin PBXProject section */
		1254FC3B2B56586200338535 /* Project object */ = {
			isa = PBXProject;
			attributes = {
				BuildIndependentTargetsInParallel = 1;
				LastSwiftUpdateCheck = 1500;
				LastUpgradeCheck = 1500;
				TargetAttributes = {
					1254FC422B56586200338535 = {
						CreatedOnToolsVersion = 15.0;
					};
					1254FC582B56586400338535 = {
						CreatedOnToolsVersion = 15.0;
						TestTargetID = 1254FC422B56586200338535;
					};
					1254FC622B56586400338535 = {
						CreatedOnToolsVersion = 15.0;
						TestTargetID = 1254FC422B56586200338535;
					};
				};
			};
			buildConfigurationList = 1254FC3E2B56586200338535 /* Build configuration list for PBXProject "ImageRecognition" */;
			compatibilityVersion = "Xcode 14.0";
			developmentRegion = en;
			hasScannedForEncodings = 0;
			knownRegions = (
				en,
				Base,
			);
			mainGroup = 1254FC3A2B56586200338535;
			productRefGroup = 1254FC442B56586200338535 /* Products */;
			projectDirPath = "";
			projectRoot = "";
			targets = (
				1254FC422B56586200338535 /* ImageRecognition */,
				1254FC582B56586400338535 /* ImageRecognitionTests */,
				1254FC622B56586400338535 /* ImageRecognitionUITests */,
			);
		};
/* End PBXProject section */

/* Begin PBXResourcesBuildPhase section */
		1254FC412B56586200338535 /* Resources */ = {
			isa = PBXResourcesBuildPhase;
			buildActionMask = 2147483647;
			files = (
				1254FC532B56586400338535 /* LaunchScreen.storyboard in Resources */,
				1254FC502B56586400338535 /* Assets.xcassets in Resources */,
				1254FC4E2B56586200338535 /* Main.storyboard in Resources */,
			);
			runOnlyForDeploymentPostprocessing = 0;
		};
		1254FC572B56586400338535 /* Resources */ = {
			isa = PBXResourcesBuildPhase;
			buildActionMask = 2147483647;
			files = (
			);
			runOnlyForDeploymentPostprocessing = 0;
		};
		1254FC612B56586400338535 /* Resources */ = {
			isa = PBXResourcesBuildPhase;
			buildActionMask = 2147483647;
			files = (
			);
			runOnlyForDeploymentPostprocessing = 0;
		};
/* End PBXResourcesBuildPhase section */

/* Begin PBXSourcesBuildPhase section */
		1254FC3F2B56586200338535 /* Sources */ = {
			isa = PBXSourcesBuildPhase;
			buildActionMask = 2147483647;
			files = (
				1254FC4B2B56586200338535 /* ViewController.swift in Sources */,
				1254FC472B56586200338535 /* AppDelegate.swift in Sources */,
				1254FC492B56586200338535 /* SceneDelegate.swift in Sources */,
				1254FC7B2B5835E400338535 /* MobileNetV2.mlmodel in Sources */,
			);
			runOnlyForDeploymentPostprocessing = 0;
		};
		1254FC552B56586400338535 /* Sources */ = {
			isa = PBXSourcesBuildPhase;
			buildActionMask = 2147483647;
			files = (
				1254FC5E2B56586400338535 /* ImageRecognitionTests.swift in Sources */,
			);
			runOnlyForDeploymentPostprocessing = 0;
		};
		1254FC5F2B56586400338535 /* Sources */ = {
			isa = PBXSourcesBuildPhase;
			buildActionMask = 2147483647;
			files = (
				1254FC6A2B56586400338535 /* ImageRecognitionUITestsLaunchTests.swift in Sources */,
				1254FC682B56586400338535 /* ImageRecognitionUITests.swift in Sources */,
			);
			runOnlyForDeploymentPostprocessing = 0;
		};
/* End PBXSourcesBuildPhase section */

/* Begin PBXTargetDependency section */
		1254FC5B2B56586400338535 /* PBXTargetDependency */ = {
			isa = PBXTargetDependency;
			target = 1254FC422B56586200338535 /* ImageRecognition */;
			targetProxy = 1254FC5A2B56586400338535 /* PBXContainerItemProxy */;
		};
		1254FC652B56586400338535 /* PBXTargetDependency */ = {
			isa = PBXTargetDependency;
			target = 1254FC422B56586200338535 /* ImageRecognition */;
			targetProxy = 1254FC642B56586400338535 /* PBXContainerItemProxy */;
		};
/* End PBXTargetDependency section */

/* Begin PBXVariantGroup section */
		1254FC4C2B56586200338535 /* Main.storyboard */ = {
			isa = PBXVariantGroup;
			children = (
				1254FC4D2B56586200338535 /* Base */,
			);
			name = Main.storyboard;
			sourceTree = "<group>";
		};
		1254FC512B56586400338535 /* LaunchScreen.storyboard */ = {
			isa = PBXVariantGroup;
			children = (
				1254FC522B56586400338535 /* Base */,
			);
			name = LaunchScreen.storyboard;
			sourceTree = "<group>";
		};
/* End PBXVariantGroup section */

/* Begin XCBuildConfiguration section */
		1254FC6B2B56586400338535 /* Debug */ = {
			isa = XCBuildConfiguration;
			buildSettings = {
				ALWAYS_SEARCH_USER_PATHS = NO;
				ASSETCATALOG_COMPILER_GENERATE_SWIFT_ASSET_SYMBOL_EXTENSIONS = YES;
				CLANG_ANALYZER_NONNULL = YES;
				CLANG_ANALYZER_NUMBER_OBJECT_CONVERSION = YES_AGGRESSIVE;
				CLANG_CXX_LANGUAGE_STANDARD = "gnu++20";
				CLANG_ENABLE_MODULES = YES;
				CLANG_ENABLE_OBJC_ARC = YES;
				CLANG_ENABLE_OBJC_WEAK = YES;
				CLANG_WARN_BLOCK_CAPTURE_AUTORELEASING = YES;
				CLANG_WARN_BOOL_CONVERSION = YES;
				CLANG_WARN_COMMA = YES;
				CLANG_WARN_CONSTANT_CONVERSION = YES;
				CLANG_WARN_DEPRECATED_OBJC_IMPLEMENTATIONS = YES;
				CLANG_WARN_DIRECT_OBJC_ISA_USAGE = YES_ERROR;
				CLANG_WARN_DOCUMENTATION_COMMENTS = YES;
				CLANG_WARN_EMPTY_BODY = YES;
				CLANG_WARN_ENUM_CONVERSION = YES;
				CLANG_WARN_INFINITE_RECURSION = YES;
				CLANG_WARN_INT_CONVERSION = YES;
				CLANG_WARN_NON_LITERAL_NULL_CONVERSION = YES;
				CLANG_WARN_OBJC_IMPLICIT_RETAIN_SELF = YES;
				CLANG_WARN_OBJC_LITERAL_CONVERSION = YES;
				CLANG_WARN_OBJC_ROOT_CLASS = YES_ERROR;
				CLANG_WARN_QUOTED_INCLUDE_IN_FRAMEWORK_HEADER = YES;
				CLANG_WARN_RANGE_LOOP_ANALYSIS = YES;
				CLANG_WARN_STRICT_PROTOTYPES = YES;
				CLANG_WARN_SUSPICIOUS_MOVE = YES;
				CLANG_WARN_UNGUARDED_AVAILABILITY = YES_AGGRESSIVE;
				CLANG_WARN_UNREACHABLE_CODE = YES;
				CLANG_WARN__DUPLICATE_METHOD_MATCH = YES;
				COPY_PHASE_STRIP = NO;
				DEBUG_INFORMATION_FORMAT = dwarf;
				ENABLE_STRICT_OBJC_MSGSEND = YES;
				ENABLE_TESTABILITY = YES;
				ENABLE_USER_SCRIPT_SANDBOXING = YES;
				GCC_C_LANGUAGE_STANDARD = gnu17;
				GCC_DYNAMIC_NO_PIC = NO;
				GCC_NO_COMMON_BLOCKS = YES;
				GCC_OPTIMIZATION_LEVEL = 0;
				GCC_PREPROCESSOR_DEFINITIONS = (
					"DEBUG=1",
					"$(inherited)",
				);
				GCC_WARN_64_TO_32_BIT_CONVERSION = YES;
				GCC_WARN_ABOUT_RETURN_TYPE = YES_ERROR;
				GCC_WARN_UNDECLARED_SELECTOR = YES;
				GCC_WARN_UNINITIALIZED_AUTOS = YES_AGGRESSIVE;
				GCC_WARN_UNUSED_FUNCTION = YES;
				GCC_WARN_UNUSED_VARIABLE = YES;
				IPHONEOS_DEPLOYMENT_TARGET = 17.0;
				LOCALIZATION_PREFERS_STRING_CATALOGS = YES;
				MTL_ENABLE_DEBUG_INFO = INCLUDE_SOURCE;
				MTL_FAST_MATH = YES;
				ONLY_ACTIVE_ARCH = YES;
				SDKROOT = iphoneos;
				SWIFT_ACTIVE_COMPILATION_CONDITIONS = "DEBUG $(inherited)";
				SWIFT_OPTIMIZATION_LEVEL = "-Onone";
			};
			name = Debug;
		};
		1254FC6C2B56586400338535 /* Release */ = {
			isa = XCBuildConfiguration;
			buildSettings = {
				ALWAYS_SEARCH_USER_PATHS = NO;
				ASSETCATALOG_COMPILER_GENERATE_SWIFT_ASSET_SYMBOL_EXTENSIONS = YES;
				CLANG_ANALYZER_NONNULL = YES;
				CLANG_ANALYZER_NUMBER_OBJECT_CONVERSION = YES_AGGRESSIVE;
				CLANG_CXX_LANGUAGE_STANDARD = "gnu++20";
				CLANG_ENABLE_MODULES = YES;
				CLANG_ENABLE_OBJC_ARC = YES;
				CLANG_ENABLE_OBJC_WEAK = YES;
				CLANG_WARN_BLOCK_CAPTURE_AUTORELEASING = YES;
				CLANG_WARN_BOOL_CONVERSION = YES;
				CLANG_WARN_COMMA = YES;
				CLANG_WARN_CONSTANT_CONVERSION = YES;
				CLANG_WARN_DEPRECATED_OBJC_IMPLEMENTATIONS = YES;
				CLANG_WARN_DIRECT_OBJC_ISA_USAGE = YES_ERROR;
				CLANG_WARN_DOCUMENTATION_COMMENTS = YES;
				CLANG_WARN_EMPTY_BODY = YES;
				CLANG_WARN_ENUM_CONVERSION = YES;
				CLANG_WARN_INFINITE_RECURSION = YES;
				CLANG_WARN_INT_CONVERSION = YES;
				CLANG_WARN_NON_LITERAL_NULL_CONVERSION = YES;
				CLANG_WARN_OBJC_IMPLICIT_RETAIN_SELF = YES;
				CLANG_WARN_OBJC_LITERAL_CONVERSION = YES;
				CLANG_WARN_OBJC_ROOT_CLASS = YES_ERROR;
				CLANG_WARN_QUOTED_INCLUDE_IN_FRAMEWORK_HEADER = YES;
				CLANG_WARN_RANGE_LOOP_ANALYSIS = YES;
				CLANG_WARN_STRICT_PROTOTYPES = YES;
				CLANG_WARN_SUSPICIOUS_MOVE = YES;
				CLANG_WARN_UNGUARDED_AVAILABILITY = YES_AGGRESSIVE;
				CLANG_WARN_UNREACHABLE_CODE = YES;
				CLANG_WARN__DUPLICATE_METHOD_MATCH = YES;
				COPY_PHASE_STRIP = NO;
				DEBUG_INFORMATION_FORMAT = "dwarf-with-dsym";
				ENABLE_NS_ASSERTIONS = NO;
				ENABLE_STRICT_OBJC_MSGSEND = YES;
				ENABLE_USER_SCRIPT_SANDBOXING = YES;
				GCC_C_LANGUAGE_STANDARD = gnu17;
				GCC_NO_COMMON_BLOCKS = YES;
				GCC_WARN_64_TO_32_BIT_CONVERSION = YES;
				GCC_WARN_ABOUT_RETURN_TYPE = YES_ERROR;
				GCC_WARN_UNDECLARED_SELECTOR = YES;
				GCC_WARN_UNINITIALIZED_AUTOS = YES_AGGRESSIVE;
				GCC_WARN_UNUSED_FUNCTION = YES;
				GCC_WARN_UNUSED_VARIABLE = YES;
				IPHONEOS_DEPLOYMENT_TARGET = 17.0;
				LOCALIZATION_PREFERS_STRING_CATALOGS = YES;
				MTL_ENABLE_DEBUG_INFO = NO;
				MTL_FAST_MATH = YES;
				SDKROOT = iphoneos;
				SWIFT_COMPILATION_MODE = wholemodule;
				VALIDATE_PRODUCT = YES;
			};
			name = Release;
		};
		1254FC6E2B56586400338535 /* Debug */ = {
			isa = XCBuildConfiguration;
			buildSettings = {
				ASSETCATALOG_COMPILER_APPICON_NAME = AppIcon;
				ASSETCATALOG_COMPILER_GLOBAL_ACCENT_COLOR_NAME = AccentColor;
				CODE_SIGN_STYLE = Automatic;
				CURRENT_PROJECT_VERSION = 1;
				GENERATE_INFOPLIST_FILE = YES;
				INFOPLIST_FILE = ImageRecognition/Info.plist;
				INFOPLIST_KEY_UIApplicationSupportsIndirectInputEvents = YES;
				INFOPLIST_KEY_UILaunchStoryboardName = LaunchScreen;
				INFOPLIST_KEY_UIMainStoryboardFile = Main;
				INFOPLIST_KEY_UISupportedInterfaceOrientations_iPad = "UIInterfaceOrientationPortrait UIInterfaceOrientationPortraitUpsideDown UIInterfaceOrientationLandscapeLeft UIInterfaceOrientationLandscapeRight";
				INFOPLIST_KEY_UISupportedInterfaceOrientations_iPhone = "UIInterfaceOrientationPortrait UIInterfaceOrientationLandscapeLeft UIInterfaceOrientationLandscapeRight";
				LD_RUNPATH_SEARCH_PATHS = (
					"$(inherited)",
					"@executable_path/Frameworks",
				);
				MARKETING_VERSION = 1.0;
				PRODUCT_BUNDLE_IDENTIFIER = com.example.ImageRecognition;
				PRODUCT_NAME = "$(TARGET_NAME)";
				SWIFT_EMIT_LOC_STRINGS = YES;
				SWIFT_VERSION = 5.0;
				TARGETED_DEVICE_FAMILY = "1,2";
			};
			name = Debug;
		};
		1254FC6F2B56586400338535 /* Release */ = {
			isa = XCBuildConfiguration;
			buildSettings = {
				ASSETCATALOG_COMPILER_APPICON_NAME = AppIcon;
				ASSETCATALOG_COMPILER_GLOBAL_ACCENT_COLOR_NAME = AccentColor;
				CODE_SIGN_STYLE = Automatic;
				CURRENT_PROJECT_VERSION = 1;
				GENERATE_INFOPLIST_FILE = YES;
				INFOPLIST_FILE = ImageRecognition/Info.plist;
				INFOPLIST_KEY_UIApplicationSupportsIndirectInputEvents = YES;
				INFOPLIST_KEY_UILaunchStoryboardName = LaunchScreen;
				INFOPLIST_KEY_UIMainStoryboardFile = Main;
				INFOPLIST_KEY_UISupportedInterfaceOrientations_iPad = "UIInterfaceOrientationPortrait UIInterfaceOrientationPortraitUpsideDown UIInterfaceOrientationLandscapeLeft UIInterfaceOrientationLandscapeRight";
				INFOPLIST_KEY_UISupportedInterfaceOrientations_iPhone = "UIInterfaceOrientationPortrait UIInterfaceOrientationLandscapeLeft UIInterfaceOrientationLandscapeRight";
				LD_RUNPATH_SEARCH_PATHS = (
					"$(inherited)",
					"@executable_path/Frameworks",
				);
				MARKETING_VERSION = 1.0;
				PRODUCT_BUNDLE_IDENTIFIER = com.example.ImageRecognition;
				PRODUCT_NAME = "$(TARGET_NAME)";
				SWIFT_EMIT_LOC_STRINGS = YES;
				SWIFT_VERSION = 5.0;
				TARGETED_DEVICE_FAMILY = "1,2";
			};
			name = Release;
		};
		1254FC712B56586400338535 /* Debug */ = {
			isa = XCBuildConfiguration;
			buildSettings = {
				ALWAYS_EMBED_SWIFT_STANDARD_LIBRARIES = YES;
				BUNDLE_LOADER = "$(TEST_HOST)";
				CODE_SIGN_STYLE = Automatic;
				CURRENT_PROJECT_VERSION = 1;
				GENERATE_INFOPLIST_FILE = YES;
				IPHONEOS_DEPLOYMENT_TARGET = 17.0;
				MARKETING_VERSION = 1.0;
				PRODUCT_BUNDLE_IDENTIFIER = com.example.ImageRecognitionTests;
				PRODUCT_NAME = "$(TARGET_NAME)";
				SWIFT_EMIT_LOC_STRINGS = NO;
				SWIFT_VERSION = 5.0;
				TARGETED_DEVICE_FAMILY = "1,2";
				TEST_HOST = "$(BUILT_PRODUCTS_DIR)/ImageRecognition.app/$(BUNDLE_EXECUTABLE_FOLDER_PATH)/ImageRecognition";
			};
			name = Debug;
		};
		1254FC722B56586400338535 /* Release */ = {
			isa = XCBuildConfiguration;
			buildSettings = {
				ALWAYS_EMBED_SWIFT_STANDARD_LIBRARIES = YES;
				BUNDLE_LOADER = "$(TEST_HOST)";
				CODE_SIGN_STYLE = Automatic;
				CURRENT_PROJECT_VERSION = 1;
				GENERATE_INFOPLIST_FILE = YES;
				IPHONEOS_DEPLOYMENT_TARGET = 17.0;
				MARKETING_VERSION = 1.0;
				PRODUCT_BUNDLE_IDENTIFIER = com.example.ImageRecognitionTests;
				PRODUCT_NAME = "$(TARGET_NAME)";
				SWIFT_EMIT_LOC_STRINGS = NO;
				SWIFT_VERSION = 5.0;
				TARGETED_DEVICE_FAMILY = "1,2";
				TEST_HOST = "$(BUILT_PRODUCTS_DIR)/ImageRecognition.app/$(BUNDLE_EXECUTABLE_FOLDER_PATH)/ImageRecognition";
			};
			name = Release;
		};
		1254FC742B56586400338535 /* Debug */ = {
			isa = XCBuildConfiguration;
			buildSettings = {
				ALWAYS_EMBED_SWIFT_STANDARD_LIBRARIES = YES;
				CODE_SIGN_STYLE = Automatic;
				CURRENT_PROJECT_VERSION = 1;
				GENERATE_INFOPLIST_FILE = YES;
				MARKETING_VERSION = 1.0;
				PRODUCT_BUNDLE_IDENTIFIER = com.example.ImageRecognitionUITests;
				PRODUCT_NAME = "$(TARGET_NAME)";
				SWIFT_EMIT_LOC_STRINGS = NO;
				SWIFT_VERSION = 5.0;
				TARGETED_DEVICE_FAMILY = "1,2";
				TEST_TARGET_NAME = ImageRecognition;
			};
			name = Debug;
		};
		1254FC752B56586400338535 /* Release */ = {
			isa = XCBuildConfiguration;
			buildSettings = {
				ALWAYS_EMBED_SWIFT_STANDARD_LIBRARIES = YES;
				CODE_SIGN_STYLE = Automatic;
				CURRENT_PROJECT_VERSION = 1;
				GENERATE_INFOPLIST_FILE = YES;
				MARKETING_VERSION = 1.0;
				PRODUCT_BUNDLE_IDENTIFIER = com.example.ImageRecognitionUITests;
				PRODUCT_NAME = "$(TARGET_NAME)";
				SWIFT_EMIT_LOC_STRINGS = NO;
				SWIFT_VERSION = 5.0;
				TARGETED_DEVICE_FAMILY = "1,2";
				TEST_TARGET_NAME = ImageRecognition;
			};
			name = Release;
		};
/* End XCBuildConfiguration section */

/* Begin XCConfigurationList section */
		1254FC3E2B56586200338535 /* Build configuration list for PBXProject "ImageRecognition" */ = {
			isa = XCConfigurationList;
			buildConfigurations = (
				1254FC6B2B56586400338535 /* Debug */,
				1254FC6C2B56586400338535 /* Release */,
			);
			defaultConfigurationIsVisible = 0;
			defaultConfigurationName = Release;
		};
		1254FC6D2B56586400338535 /* Build configuration list for PBXNativeTarget "ImageRecognition" */ = {
			isa = XCConfigurationList;
			buildConfigurations = (
				1254FC6E2B56586400338535 /* Debug */,
				1254FC6F2B56586400338535 /* Release */,
			);
			defaultConfigurationIsVisible = 0;
			defaultConfigurationName = Release;
		};
		1254FC702B56586400338535 /* Build configuration list for PBXNativeTarget "ImageRecognitionTests" */ = {
			isa = XCConfigurationList;
			buildConfigurations = (
				1254FC712B56586400338535 /* Debug */,
				1254FC722B56586400338535 /* Release */,
			);
			defaultConfigurationIsVisible = 0;
			defaultConfigurationName = Release;
		};
		1254FC732B56586400338535 /* Build configuration list for PBXNativeTarget "ImageRecognitionUITests" */ = {
			isa = XCConfigurationList;
			buildConfigurations = (
				1254FC742B56586400338535 /* Debug */,
				1254FC752B56586400338535 /* Release */,
			);
			defaultConfigurationIsVisible = 0;
			defaultConfigurationName = Release;
		};
/* End XCConfigurationList section */
	};
	rootObject = 1254FC3B2B56586200338535 /* Project object */;
}
